// !$*UTF8*$!
{
	archiveVersion = 1;
	classes = {
	};
	objectVersion = 77;
	objects = {

/* Begin PBXBuildFile section */
		007F31BFDCE8A3EB5FFA7D02 /* RunnerTests.swift in Sources */ = {isa = PBXBuildFile; fileRef = C129A9FB18F81555600E71B3 /* RunnerTests.swift */; };
		01563AF1C08713172483FE8A /* CameraConnectionSteps.swift in Sources */ = {isa = PBXBuildFile; fileRef = B1785535FDE4AE556AC351EB /* CameraConnectionSteps.swift */; };
		082DDC9F626D556DD44A5273 /* CameraGalleryConnectionCoordinator.swift in Sources */ = {isa = PBXBuildFile; fileRef = B96D60CA53C8D03F99E89C22 /* CameraGalleryConnectionCoordinator.swift */; };
		0D2FDF3FF21F2F7B30A519B2 /* NativeConnectViewController.swift in Sources */ = {isa = PBXBuildFile; fileRef = 23B33146CEC3C5DA80D096F8 /* NativeConnectViewController.swift */; };
		22BB0301059A7B18AB687B87 /* CameraAdapter.swift in Sources */ = {isa = PBXBuildFile; fileRef = F57265682EC0C0E6093AB35F /* CameraAdapter.swift */; };
		24A2106F3F7C43C384427AD0 /* Assets.xcassets in Resources */ = {isa = PBXBuildFile; fileRef = 24A2106F3F7C43C384427ACF /* Assets.xcassets */; };
		26168D6E335307C680D37A7C /* RunnerApp.swift in Sources */ = {isa = PBXBuildFile; fileRef = 83E162AB02AF87B6A27F8F7D /* RunnerApp.swift */; };
		27F7557CB539CADB953B92AB /* CameraVendorBluetoothService.swift in Sources */ = {isa = PBXBuildFile; fileRef = D457106A89EA9C4C918EB6D0 /* CameraVendorBluetoothService.swift */; };
		2982E8EDFAE95050894A8935 /* CameraDownloadModule.swift in Sources */ = {isa = PBXBuildFile; fileRef = 393CDF9EC2836EA5F98BCEE0 /* CameraDownloadModule.swift */; };
		41A84F673A15B58C0680151D /* LocalProofingSession.swift in Sources */ = {isa = PBXBuildFile; fileRef = 8F9819ABFBC29A3F5568F282 /* LocalProofingSession.swift */; };
		4729DBB685779356DA98DAC7 /* CameraGalleryModule.swift in Sources */ = {isa = PBXBuildFile; fileRef = CDE56B4E4C26E5C8B4081933 /* CameraGalleryModule.swift */; };
		65E6F39481CB19CDEEF3CAA2 /* FujifilmCameraAdapter.swift in Sources */ = {isa = PBXBuildFile; fileRef = 885AFF3A80513C34DC44ED4E /* FujifilmCameraAdapter.swift */; };
		85B5B6854C8EE2B26A17285A /* WiredCameraImportService.swift in Sources */ = {isa = PBXBuildFile; fileRef = 7ECDADD41B7B41D631C7FA7E /* WiredCameraImportService.swift */; };
		93B1ECA3AC91631F6AA9B76C /* CameraAppFlowCoordinator.swift in Sources */ = {isa = PBXBuildFile; fileRef = 5CB84B3B3F24064BF055CBF8 /* CameraAppFlowCoordinator.swift */; };
		A3EFB62D951429A026DA058D /* WiredCameraImportViewController.swift in Sources */ = {isa = PBXBuildFile; fileRef = 769F32414557A775543C8639 /* WiredCameraImportViewController.swift */; };
		A5E8E3BBD16B08C09ED18943 /* ProAccessController.swift in Sources */ = {isa = PBXBuildFile; fileRef = 4E412E8677CF860F78B6EC5B /* ProAccessController.swift */; };
		AAD5C220703D8BC74702480B /* CameraCoreModels.swift in Sources */ = {isa = PBXBuildFile; fileRef = 850707930ED023C58251512E /* CameraCoreModels.swift */; };
		B4BB601B9F87A73C4A8256A1 /* CameraRegistrationGuard.swift in Sources */ = {isa = PBXBuildFile; fileRef = 18EF932F34DA5C981150C7FA /* CameraRegistrationGuard.swift */; };
		B903C941DD4D21BEF9D7D864 /* CameraPairingModule.swift in Sources */ = {isa = PBXBuildFile; fileRef = 85DC3285FFADBB45ADDC2E40 /* CameraPairingModule.swift */; };
		C005391B19856E8E51D6BEBA /* WiredCameraImportModels.swift in Sources */ = {isa = PBXBuildFile; fileRef = E20546164F7859705D226FCE /* WiredCameraImportModels.swift */; };
		D73790471C7408BB145A1C23 /* CamTransferPaywallViewController.swift in Sources */ = {isa = PBXBuildFile; fileRef = 5BC38F167D0C94A49E9C91AA /* CamTransferPaywallViewController.swift */; };
		E7BE625B6F1C444945049488 /* FujifilmXSeriesProfile.swift in Sources */ = {isa = PBXBuildFile; fileRef = 863C640E1DFF7EEB915C907B /* FujifilmXSeriesProfile.swift */; };
/* End PBXBuildFile section */

/* Begin PBXContainerItemProxy section */
		979A20949DB7465AFE66261A /* PBXContainerItemProxy */ = {
			isa = PBXContainerItemProxy;
			containerPortal = 5FC4EA95F23E6A8CF0BD7276 /* Project object */;
			proxyType = 1;
			remoteGlobalIDString = 0CE8B55E2312A581679889BF;
			remoteInfo = Runner;
		};
/* End PBXContainerItemProxy section */

/* Begin PBXFileReference section */
		18EF932F34DA5C981150C7FA /* CameraRegistrationGuard.swift */ = {isa = PBXFileReference; lastKnownFileType = sourcecode.swift; path = CameraRegistrationGuard.swift; sourceTree = "<group>"; };
		1B96651EFBF5171FE9A72C98 /* Runner.entitlements */ = {isa = PBXFileReference; lastKnownFileType = text.plist.entitlements; path = Runner.entitlements; sourceTree = "<group>"; };
		23B33146CEC3C5DA80D096F8 /* NativeConnectViewController.swift */ = {isa = PBXFileReference; lastKnownFileType = sourcecode.swift; path = NativeConnectViewController.swift; sourceTree = "<group>"; };
		24A2106F3F7C43C384427ACF /* Assets.xcassets */ = {isa = PBXFileReference; lastKnownFileType = folder.assetcatalog; path = Assets.xcassets; sourceTree = "<group>"; };
		393CDF9EC2836EA5F98BCEE0 /* CameraDownloadModule.swift */ = {isa = PBXFileReference; lastKnownFileType = sourcecode.swift; path = CameraDownloadModule.swift; sourceTree = "<group>"; };
		441BB440808680D6267F3889 /* Info.plist */ = {isa = PBXFileReference; lastKnownFileType = text.plist; path = Info.plist; sourceTree = "<group>"; };
		48E2AFFE9BFB207202AD0539 /* RunnerTests.xctest */ = {isa = PBXFileReference; includeInIndex = 0; lastKnownFileType = wrapper.cfbundle; path = RunnerTests.xctest; sourceTree = BUILT_PRODUCTS_DIR; };
		4E412E8677CF860F78B6EC5B /* ProAccessController.swift */ = {isa = PBXFileReference; lastKnownFileType = sourcecode.swift; path = ProAccessController.swift; sourceTree = "<group>"; };
		5BC38F167D0C94A49E9C91AA /* CamTransferPaywallViewController.swift */ = {isa = PBXFileReference; lastKnownFileType = sourcecode.swift; path = CamTransferPaywallViewController.swift; sourceTree = "<group>"; };
		5CB84B3B3F24064BF055CBF8 /* CameraAppFlowCoordinator.swift */ = {isa = PBXFileReference; lastKnownFileType = sourcecode.swift; path = CameraAppFlowCoordinator.swift; sourceTree = "<group>"; };
		769F32414557A775543C8639 /* WiredCameraImportViewController.swift */ = {isa = PBXFileReference; lastKnownFileType = sourcecode.swift; path = WiredCameraImportViewController.swift; sourceTree = "<group>"; };
		7ECDADD41B7B41D631C7FA7E /* WiredCameraImportService.swift */ = {isa = PBXFileReference; lastKnownFileType = sourcecode.swift; path = WiredCameraImportService.swift; sourceTree = "<group>"; };
		83E162AB02AF87B6A27F8F7D /* RunnerApp.swift */ = {isa = PBXFileReference; lastKnownFileType = sourcecode.swift; path = RunnerApp.swift; sourceTree = "<group>"; };
		850707930ED023C58251512E /* CameraCoreModels.swift */ = {isa = PBXFileReference; lastKnownFileType = sourcecode.swift; path = CameraCoreModels.swift; sourceTree = "<group>"; };
		85DC3285FFADBB45ADDC2E40 /* CameraPairingModule.swift */ = {isa = PBXFileReference; lastKnownFileType = sourcecode.swift; path = CameraPairingModule.swift; sourceTree = "<group>"; };
		863C640E1DFF7EEB915C907B /* FujifilmXSeriesProfile.swift */ = {isa = PBXFileReference; lastKnownFileType = sourcecode.swift; path = FujifilmXSeriesProfile.swift; sourceTree = "<group>"; };
		885AFF3A80513C34DC44ED4E /* FujifilmCameraAdapter.swift */ = {isa = PBXFileReference; lastKnownFileType = sourcecode.swift; path = FujifilmCameraAdapter.swift; sourceTree = "<group>"; };
		8F9819ABFBC29A3F5568F282 /* LocalProofingSession.swift */ = {isa = PBXFileReference; lastKnownFileType = sourcecode.swift; path = LocalProofingSession.swift; sourceTree = "<group>"; };
		9A5AD375AC847AF6C9C1F85E /* Info.plist */ = {isa = PBXFileReference; lastKnownFileType = text.plist; path = Info.plist; sourceTree = "<group>"; };
		B1785535FDE4AE556AC351EB /* CameraConnectionSteps.swift */ = {isa = PBXFileReference; lastKnownFileType = sourcecode.swift; path = CameraConnectionSteps.swift; sourceTree = "<group>"; };
		B2E448C1951CDAF54DC87758 /* Runner.app */ = {isa = PBXFileReference; includeInIndex = 0; lastKnownFileType = wrapper.application; path = Runner.app; sourceTree = BUILT_PRODUCTS_DIR; };
		B96D60CA53C8D03F99E89C22 /* CameraGalleryConnectionCoordinator.swift */ = {isa = PBXFileReference; lastKnownFileType = sourcecode.swift; path = CameraGalleryConnectionCoordinator.swift; sourceTree = "<group>"; };
		C129A9FB18F81555600E71B3 /* RunnerTests.swift */ = {isa = PBXFileReference; lastKnownFileType = sourcecode.swift; path = RunnerTests.swift; sourceTree = "<group>"; };
		CDE56B4E4C26E5C8B4081933 /* CameraGalleryModule.swift */ = {isa = PBXFileReference; lastKnownFileType = sourcecode.swift; path = CameraGalleryModule.swift; sourceTree = "<group>"; };
		D457106A89EA9C4C918EB6D0 /* CameraVendorBluetoothService.swift */ = {isa = PBXFileReference; lastKnownFileType = sourcecode.swift; path = CameraVendorBluetoothService.swift; sourceTree = "<group>"; };
		E20546164F7859705D226FCE /* WiredCameraImportModels.swift */ = {isa = PBXFileReference; lastKnownFileType = sourcecode.swift; path = WiredCameraImportModels.swift; sourceTree = "<group>"; };
		F57265682EC0C0E6093AB35F /* CameraAdapter.swift */ = {isa = PBXFileReference; lastKnownFileType = sourcecode.swift; path = CameraAdapter.swift; sourceTree = "<group>"; };
/* End PBXFileReference section */

/* Begin PBXGroup section */
		05D9A16B876157F93400D0B8 /* Products */ = {
			isa = PBXGroup;
			children = (
				B2E448C1951CDAF54DC87758 /* Runner.app */,
				48E2AFFE9BFB207202AD0539 /* RunnerTests.xctest */,
			);
			name = Products;
			sourceTree = "<group>";
		};
		0F581CC3412D2F2F02AF1463 /* Runner */ = {
			isa = PBXGroup;
			children = (
				D457106A89EA9C4C918EB6D0 /* CameraVendorBluetoothService.swift */,
				24A2106F3F7C43C384427ACF /* Assets.xcassets */,
				5BC38F167D0C94A49E9C91AA /* CamTransferPaywallViewController.swift */,
				441BB440808680D6267F3889 /* Info.plist */,
				8F9819ABFBC29A3F5568F282 /* LocalProofingSession.swift */,
				23B33146CEC3C5DA80D096F8 /* NativeConnectViewController.swift */,
				4E412E8677CF860F78B6EC5B /* ProAccessController.swift */,
				1B96651EFBF5171FE9A72C98 /* Runner.entitlements */,
				83E162AB02AF87B6A27F8F7D /* RunnerApp.swift */,
				E20546164F7859705D226FCE /* WiredCameraImportModels.swift */,
				7ECDADD41B7B41D631C7FA7E /* WiredCameraImportService.swift */,
				769F32414557A775543C8639 /* WiredCameraImportViewController.swift */,
				4C31CDDBFAD26AE19914BC62 /* CameraAdapters */,
				71010514B5A2D33F6468848F /* CameraCore */,
			);
			path = Runner;
			sourceTree = "<group>";
		};
		1F0BEDE9CDFB985775CE208B /* Connection */ = {
			isa = PBXGroup;
			children = (
				B1785535FDE4AE556AC351EB /* CameraConnectionSteps.swift */,
				B96D60CA53C8D03F99E89C22 /* CameraGalleryConnectionCoordinator.swift */,
			);
			path = Connection;
			sourceTree = "<group>";
		};
		255F1CC48DAF4C9EEF8C9938 /* RunnerTests */ = {
			isa = PBXGroup;
			children = (
				9A5AD375AC847AF6C9C1F85E /* Info.plist */,
				C129A9FB18F81555600E71B3 /* RunnerTests.swift */,
			);
			path = RunnerTests;
			sourceTree = "<group>";
		};
		4C31CDDBFAD26AE19914BC62 /* CameraAdapters */ = {
			isa = PBXGroup;
			children = (
				4EFD7591CC8A3F66F08397A3 /* Core */,
				5DCA32541CC771D2B5D7CE71 /* Fujifilm */,
			);
			path = CameraAdapters;
			sourceTree = "<group>";
		};
		4EFD7591CC8A3F66F08397A3 /* Core */ = {
			isa = PBXGroup;
			children = (
				F57265682EC0C0E6093AB35F /* CameraAdapter.swift */,
			);
			path = Core;
			sourceTree = "<group>";
		};
		5DCA32541CC771D2B5D7CE71 /* Fujifilm */ = {
			isa = PBXGroup;
			children = (
				885AFF3A80513C34DC44ED4E /* FujifilmCameraAdapter.swift */,
				863C640E1DFF7EEB915C907B /* FujifilmXSeriesProfile.swift */,
			);
			path = Fujifilm;
			sourceTree = "<group>";
		};
		6B8C60A5C4D30220C98F8C2D /* Models */ = {
			isa = PBXGroup;
			children = (
				850707930ED023C58251512E /* CameraCoreModels.swift */,
			);
			path = Models;
			sourceTree = "<group>";
		};
		70ADC841B306BC5A302EAE83 /* Gallery */ = {
			isa = PBXGroup;
			children = (
				CDE56B4E4C26E5C8B4081933 /* CameraGalleryModule.swift */,
			);
			path = Gallery;
			sourceTree = "<group>";
		};
		71010514B5A2D33F6468848F /* CameraCore */ = {
			isa = PBXGroup;
			children = (
				1F0BEDE9CDFB985775CE208B /* Connection */,
				E373EB991C352160B18B99E4 /* Download */,
				70ADC841B306BC5A302EAE83 /* Gallery */,
				6B8C60A5C4D30220C98F8C2D /* Models */,
				EB5C41118CE0BE691BDC60D3 /* Orchestration */,
				BEE86CF019D82C3074C43480 /* Pairing */,
				CEC43647EE2D4E169C14BA81 /* Registration */,
			);
			path = CameraCore;
			sourceTree = "<group>";
		};
		813DA9EE07BC3B30725BF5B2 = {
			isa = PBXGroup;
			children = (
				0F581CC3412D2F2F02AF1463 /* Runner */,
				255F1CC48DAF4C9EEF8C9938 /* RunnerTests */,
				05D9A16B876157F93400D0B8 /* Products */,
			);
			sourceTree = "<group>";
		};
		BEE86CF019D82C3074C43480 /* Pairing */ = {
			isa = PBXGroup;
			children = (
				85DC3285FFADBB45ADDC2E40 /* CameraPairingModule.swift */,
			);
			path = Pairing;
			sourceTree = "<group>";
		};
		CEC43647EE2D4E169C14BA81 /* Registration */ = {
			isa = PBXGroup;
			children = (
				18EF932F34DA5C981150C7FA /* CameraRegistrationGuard.swift */,
			);
			path = Registration;
			sourceTree = "<group>";
		};
		E373EB991C352160B18B99E4 /* Download */ = {
			isa = PBXGroup;
			children = (
				393CDF9EC2836EA5F98BCEE0 /* CameraDownloadModule.swift */,
			);
			path = Download;
			sourceTree = "<group>";
		};
		EB5C41118CE0BE691BDC60D3 /* Orchestration */ = {
			isa = PBXGroup;
			children = (
				5CB84B3B3F24064BF055CBF8 /* CameraAppFlowCoordinator.swift */,
			);
			path = Orchestration;
			sourceTree = "<group>";
		};
/* End PBXGroup section */

/* Begin PBXNativeTarget section */
		0CE8B55E2312A581679889BF /* Runner */ = {
			isa = PBXNativeTarget;
			buildConfigurationList = 1C8B6CAA696D8F432715C5A8 /* Build configuration list for PBXNativeTarget "Runner" */;
			buildPhases = (
				D735B3CFE9B0688D9736E917 /* Sources */,
				24A2106F3F7C43C384427AD1 /* Resources */,
			);
			buildRules = (
			);
			dependencies = (
			);
			name = Runner;
			packageProductDependencies = (
			);
			productName = Runner;
			productReference = B2E448C1951CDAF54DC87758 /* Runner.app */;
			productType = "com.apple.product-type.application";
		};
		ABAFB01E7FEA9C1DB0CE46CE /* RunnerTests */ = {
			isa = PBXNativeTarget;
			buildConfigurationList = E4B487D78CD299B2286DE782 /* Build configuration list for PBXNativeTarget "RunnerTests" */;
			buildPhases = (
				ACA1F3DE67878150D3C72EC1 /* Sources */,
			);
			buildRules = (
			);
			dependencies = (
				A1BDCC358D5033CC24618A73 /* PBXTargetDependency */,
			);
			name = RunnerTests;
			packageProductDependencies = (
			);
			productName = RunnerTests;
			productReference = 48E2AFFE9BFB207202AD0539 /* RunnerTests.xctest */;
			productType = "com.apple.product-type.bundle.unit-test";
		};
/* End PBXNativeTarget section */

/* Begin PBXProject section */
		5FC4EA95F23E6A8CF0BD7276 /* Project object */ = {
			isa = PBXProject;
			attributes = {
				BuildIndependentTargetsInParallel = YES;
				LastUpgradeCheck = 1430;
				TargetAttributes = {
					0CE8B55E2312A581679889BF = {
						DevelopmentTeam = 27C9C4H26H;
						ProvisioningStyle = Automatic;
						SystemCapabilities = {
							com.apple.AccessWiFi = {
								enabled = 1;
							};
							com.apple.HotspotConfiguration = {
								enabled = 1;
							};
						};
					};
					ABAFB01E7FEA9C1DB0CE46CE = {
						DevelopmentTeam = 27C9C4H26H;
						ProvisioningStyle = Automatic;
					};
				};
			};
			buildConfigurationList = 987220A47DC5D93D17710971 /* Build configuration list for PBXProject "Runner" */;
			compatibilityVersion = "Xcode 14.0";
			developmentRegion = en;
			hasScannedForEncodings = 0;
			knownRegions = (
				Base,
				en,
			);
			mainGroup = 813DA9EE07BC3B30725BF5B2;
			minimizedProjectReferenceProxies = 1;
			preferredProjectObjectVersion = 77;
			projectDirPath = "";
			projectRoot = "";
			targets = (
				0CE8B55E2312A581679889BF /* Runner */,
				ABAFB01E7FEA9C1DB0CE46CE /* RunnerTests */,
			);
		};
/* End PBXProject section */

/* Begin PBXResourcesBuildPhase section */
		24A2106F3F7C43C384427AD1 /* Resources */ = {
			isa = PBXResourcesBuildPhase;
			buildActionMask = 2147483647;
			files = (
				24A2106F3F7C43C384427AD0 /* Assets.xcassets in Resources */,
			);
			runOnlyForDeploymentPostprocessing = 0;
		};
/* End PBXResourcesBuildPhase section */

/* Begin PBXSourcesBuildPhase section */
		ACA1F3DE67878150D3C72EC1 /* Sources */ = {
			isa = PBXSourcesBuildPhase;
			buildActionMask = 2147483647;
			files = (
				007F31BFDCE8A3EB5FFA7D02 /* RunnerTests.swift in Sources */,
			);
			runOnlyForDeploymentPostprocessing = 0;
		};
		D735B3CFE9B0688D9736E917 /* Sources */ = {
			isa = PBXSourcesBuildPhase;
			buildActionMask = 2147483647;
			files = (
				D73790471C7408BB145A1C23 /* CamTransferPaywallViewController.swift in Sources */,
				22BB0301059A7B18AB687B87 /* CameraAdapter.swift in Sources */,
				93B1ECA3AC91631F6AA9B76C /* CameraAppFlowCoordinator.swift in Sources */,
				01563AF1C08713172483FE8A /* CameraConnectionSteps.swift in Sources */,
				AAD5C220703D8BC74702480B /* CameraCoreModels.swift in Sources */,
				2982E8EDFAE95050894A8935 /* CameraDownloadModule.swift in Sources */,
				082DDC9F626D556DD44A5273 /* CameraGalleryConnectionCoordinator.swift in Sources */,
				4729DBB685779356DA98DAC7 /* CameraGalleryModule.swift in Sources */,
				B903C941DD4D21BEF9D7D864 /* CameraPairingModule.swift in Sources */,
				B4BB601B9F87A73C4A8256A1 /* CameraRegistrationGuard.swift in Sources */,
				27F7557CB539CADB953B92AB /* CameraVendorBluetoothService.swift in Sources */,
				65E6F39481CB19CDEEF3CAA2 /* FujifilmCameraAdapter.swift in Sources */,
				E7BE625B6F1C444945049488 /* FujifilmXSeriesProfile.swift in Sources */,
				41A84F673A15B58C0680151D /* LocalProofingSession.swift in Sources */,
				0D2FDF3FF21F2F7B30A519B2 /* NativeConnectViewController.swift in Sources */,
				A5E8E3BBD16B08C09ED18943 /* ProAccessController.swift in Sources */,
				26168D6E335307C680D37A7C /* RunnerApp.swift in Sources */,
				C005391B19856E8E51D6BEBA /* WiredCameraImportModels.swift in Sources */,
				85B5B6854C8EE2B26A17285A /* WiredCameraImportService.swift in Sources */,
				A3EFB62D951429A026DA058D /* WiredCameraImportViewController.swift in Sources */,
			);
			runOnlyForDeploymentPostprocessing = 0;
		};
/* End PBXSourcesBuildPhase section */

/* Begin PBXTargetDependency section */
		A1BDCC358D5033CC24618A73 /* PBXTargetDependency */ = {
			isa = PBXTargetDependency;
			target = 0CE8B55E2312A581679889BF /* Runner */;
			targetProxy = 979A20949DB7465AFE66261A /* PBXContainerItemProxy */;
		};
/* End PBXTargetDependency section */

/* Begin XCBuildConfiguration section */
		128D4961A4EEAA0944B16058 /* Debug */ = {
			isa = XCBuildConfiguration;
			buildSettings = {
				BUNDLE_LOADER = "$(TEST_HOST)";
				GENERATE_INFOPLIST_FILE = NO;
				INFOPLIST_FILE = RunnerTests/Info.plist;
				LD_RUNPATH_SEARCH_PATHS = (
					"$(inherited)",
					"@executable_path/Frameworks",
					"@loader_path/Frameworks",
				);
				PRODUCT_BUNDLE_IDENTIFIER = com.camtransfer.app.RunnerTests;
				SDKROOT = iphoneos;
				TARGETED_DEVICE_FAMILY = "1,2";
				TEST_HOST = "$(BUILT_PRODUCTS_DIR)/Runner.app/Runner";
			};
			name = Debug;
		};
		29805E1DF6B7920DC260EAF9 /* Debug */ = {
			isa = XCBuildConfiguration;
			buildSettings = {
				ASSETCATALOG_COMPILER_APPICON_NAME = AppIcon;
				CODE_SIGN_ENTITLEMENTS = Runner/Runner.entitlements;
				CODE_SIGN_IDENTITY = "iPhone Developer";
				CURRENT_PROJECT_VERSION = 2;
				GENERATE_INFOPLIST_FILE = NO;
				INFOPLIST_FILE = Runner/Info.plist;
				LD_RUNPATH_SEARCH_PATHS = (
					"$(inherited)",
					"@executable_path/Frameworks",
				);
				MARKETING_VERSION = 1.0.0;
				PRODUCT_NAME = Runner;
				SDKROOT = iphoneos;
				TARGETED_DEVICE_FAMILY = "1,2";
			};
			name = Debug;
		};
		59902B3437269D7EDB4D0AFA /* Release */ = {
			isa = XCBuildConfiguration;
			buildSettings = {
				ALWAYS_SEARCH_USER_PATHS = NO;
				CLANG_ANALYZER_NONNULL = YES;
				CLANG_ANALYZER_NUMBER_OBJECT_CONVERSION = YES_AGGRESSIVE;
				CLANG_CXX_LANGUAGE_STANDARD = "gnu++14";
				CLANG_CXX_LIBRARY = "libc++";
				CLANG_ENABLE_MODULES = YES;
				CLANG_ENABLE_OBJC_ARC = YES;
				CLANG_ENABLE_OBJC_WEAK = YES;
				CLANG_WARN_BLOCK_CAPTURE_AUTORELEASING = YES;
				CLANG_WARN_BOOL_CONVERSION = YES;
				CLANG_WARN_COMMA = YES;
				CLANG_WARN_CONSTANT_CONVERSION = YES;
				CLANG_WARN_DEPRECATED_OBJC_IMPLEMENTATIONS = YES;
				CLANG_WARN_DIRECT_OBJC_ISA_USAGE = YES_ERROR;
				CLANG_WARN_DOCUMENTATION_COMMENTS = YES;
				CLANG_WARN_EMPTY_BODY = YES;
				CLANG_WARN_ENUM_CONVERSION = YES;
				CLANG_WARN_INFINITE_RECURSION = YES;
				CLANG_WARN_INT_CONVERSION = YES;
				CLANG_WARN_NON_LITERAL_NULL_CONVERSION = YES;
				CLANG_WARN_OBJC_IMPLICIT_RETAIN_SELF = YES;
				CLANG_WARN_OBJC_LITERAL_CONVERSION = YES;
				CLANG_WARN_OBJC_ROOT_CLASS = YES_ERROR;
				CLANG_WARN_QUOTED_INCLUDE_IN_FRAMEWORK_HEADER = YES;
				CLANG_WARN_RANGE_LOOP_ANALYSIS = YES;
				CLANG_WARN_STRICT_PROTOTYPES = YES;
				CLANG_WARN_SUSPICIOUS_MOVE = YES;
				CLANG_WARN_UNGUARDED_AVAILABILITY = YES_AGGRESSIVE;
				CLANG_WARN_UNREACHABLE_CODE = YES;
				CLANG_WARN__DUPLICATE_METHOD_MATCH = YES;
				CODE_SIGN_STYLE = Automatic;
				COPY_PHASE_STRIP = NO;
				DEBUG_INFORMATION_FORMAT = "dwarf-with-dsym";
				DEVELOPMENT_TEAM = 27C9C4H26H;
				ENABLE_NS_ASSERTIONS = NO;
				ENABLE_STRICT_OBJC_MSGSEND = YES;
				GCC_C_LANGUAGE_STANDARD = gnu11;
				GCC_NO_COMMON_BLOCKS = YES;
				GCC_WARN_64_TO_32_BIT_CONVERSION = YES;
				GCC_WARN_ABOUT_RETURN_TYPE = YES_ERROR;
				GCC_WARN_UNDECLARED_SELECTOR = YES;
				GCC_WARN_UNINITIALIZED_AUTOS = YES_AGGRESSIVE;
				GCC_WARN_UNUSED_FUNCTION = YES;
				GCC_WARN_UNUSED_VARIABLE = YES;
				IPHONEOS_DEPLOYMENT_TARGET = 15.0;
				MTL_ENABLE_DEBUG_INFO = NO;
				MTL_FAST_MATH = YES;
				PRODUCT_BUNDLE_IDENTIFIER = com.camtransfer.app;
				PRODUCT_NAME = "$(TARGET_NAME)";
				SDKROOT = iphoneos;
				SWIFT_COMPILATION_MODE = wholemodule;
				SWIFT_OPTIMIZATION_LEVEL = "-O";
				SWIFT_VERSION = 5.0;
				TARGETED_DEVICE_FAMILY = 1;
			};
			name = Release;
		};
		5D7A1B64955A53055FA7173A /* Release */ = {
			isa = XCBuildConfiguration;
			buildSettings = {
				BUNDLE_LOADER = "$(TEST_HOST)";
				GENERATE_INFOPLIST_FILE = NO;
				INFOPLIST_FILE = RunnerTests/Info.plist;
				LD_RUNPATH_SEARCH_PATHS = (
					"$(inherited)",
					"@executable_path/Frameworks",
					"@loader_path/Frameworks",
				);
				PRODUCT_BUNDLE_IDENTIFIER = com.camtransfer.app.RunnerTests;
				SDKROOT = iphoneos;
				TARGETED_DEVICE_FAMILY = "1,2";
				TEST_HOST = "$(BUILT_PRODUCTS_DIR)/Runner.app/Runner";
			};
			name = Release;
		};
		7CF6CFF957D9345E14BFCBE0 /* Debug */ = {
			isa = XCBuildConfiguration;
			buildSettings = {
				ALWAYS_SEARCH_USER_PATHS = NO;
				CLANG_ANALYZER_NONNULL = YES;
				CLANG_ANALYZER_NUMBER_OBJECT_CONVERSION = YES_AGGRESSIVE;
				CLANG_CXX_LANGUAGE_STANDARD = "gnu++14";
				CLANG_CXX_LIBRARY = "libc++";
				CLANG_ENABLE_MODULES = YES;
				CLANG_ENABLE_OBJC_ARC = YES;
				CLANG_ENABLE_OBJC_WEAK = YES;
				CLANG_WARN_BLOCK_CAPTURE_AUTORELEASING = YES;
				CLANG_WARN_BOOL_CONVERSION = YES;
				CLANG_WARN_COMMA = YES;
				CLANG_WARN_CONSTANT_CONVERSION = YES;
				CLANG_WARN_DEPRECATED_OBJC_IMPLEMENTATIONS = YES;
				CLANG_WARN_DIRECT_OBJC_ISA_USAGE = YES_ERROR;
				CLANG_WARN_DOCUMENTATION_COMMENTS = YES;
				CLANG_WARN_EMPTY_BODY = YES;
				CLANG_WARN_ENUM_CONVERSION = YES;
				CLANG_WARN_INFINITE_RECURSION = YES;
				CLANG_WARN_INT_CONVERSION = YES;
				CLANG_WARN_NON_LITERAL_NULL_CONVERSION = YES;
				CLANG_WARN_OBJC_IMPLICIT_RETAIN_SELF = YES;
				CLANG_WARN_OBJC_LITERAL_CONVERSION = YES;
				CLANG_WARN_OBJC_ROOT_CLASS = YES_ERROR;
				CLANG_WARN_QUOTED_INCLUDE_IN_FRAMEWORK_HEADER = YES;
				CLANG_WARN_RANGE_LOOP_ANALYSIS = YES;
				CLANG_WARN_STRICT_PROTOTYPES = YES;
				CLANG_WARN_SUSPICIOUS_MOVE = YES;
				CLANG_WARN_UNGUARDED_AVAILABILITY = YES_AGGRESSIVE;
				CLANG_WARN_UNREACHABLE_CODE = YES;
				CLANG_WARN__DUPLICATE_METHOD_MATCH = YES;
				CODE_SIGN_STYLE = Automatic;
				COPY_PHASE_STRIP = NO;
				DEBUG_INFORMATION_FORMAT = dwarf;
				DEVELOPMENT_TEAM = 27C9C4H26H;
				ENABLE_STRICT_OBJC_MSGSEND = YES;
				ENABLE_TESTABILITY = YES;
				GCC_C_LANGUAGE_STANDARD = gnu11;
				GCC_DYNAMIC_NO_PIC = NO;
				GCC_NO_COMMON_BLOCKS = YES;
				GCC_OPTIMIZATION_LEVEL = 0;
				GCC_PREPROCESSOR_DEFINITIONS = (
					"$(inherited)",
					"DEBUG=1",
				);
				GCC_WARN_64_TO_32_BIT_CONVERSION = YES;
				GCC_WARN_ABOUT_RETURN_TYPE = YES_ERROR;
				GCC_WARN_UNDECLARED_SELECTOR = YES;
				GCC_WARN_UNINITIALIZED_AUTOS = YES_AGGRESSIVE;
				GCC_WARN_UNUSED_FUNCTION = YES;
				GCC_WARN_UNUSED_VARIABLE = YES;
				IPHONEOS_DEPLOYMENT_TARGET = 15.0;
				MTL_ENABLE_DEBUG_INFO = INCLUDE_SOURCE;
				MTL_FAST_MATH = YES;
				ONLY_ACTIVE_ARCH = YES;
				PRODUCT_BUNDLE_IDENTIFIER = com.camtransfer.app;
				PRODUCT_NAME = "$(TARGET_NAME)";
				SDKROOT = iphoneos;
				SWIFT_ACTIVE_COMPILATION_CONDITIONS = DEBUG;
				SWIFT_OPTIMIZATION_LEVEL = "-Onone";
				SWIFT_VERSION = 5.0;
				TARGETED_DEVICE_FAMILY = 1;
			};
			name = Debug;
		};
		A6D2F591E0A6A012D3F00F11 /* Release */ = {
			isa = XCBuildConfiguration;
			buildSettings = {
				ASSETCATALOG_COMPILER_APPICON_NAME = AppIcon;
				CODE_SIGN_ENTITLEMENTS = Runner/Runner.entitlements;
				CODE_SIGN_IDENTITY = "iPhone Developer";
				CURRENT_PROJECT_VERSION = 2;
				GENERATE_INFOPLIST_FILE = NO;
				INFOPLIST_FILE = Runner/Info.plist;
				LD_RUNPATH_SEARCH_PATHS = (
					"$(inherited)",
					"@executable_path/Frameworks",
				);
				MARKETING_VERSION = 1.0.0;
				PRODUCT_NAME = Runner;
				SDKROOT = iphoneos;
				TARGETED_DEVICE_FAMILY = "1,2";
			};
			name = Release;
		};
/* End XCBuildConfiguration section */

/* Begin XCConfigurationList section */
		1C8B6CAA696D8F432715C5A8 /* Build configuration list for PBXNativeTarget "Runner" */ = {
			isa = XCConfigurationList;
			buildConfigurations = (
				29805E1DF6B7920DC260EAF9 /* Debug */,
				A6D2F591E0A6A012D3F00F11 /* Release */,
			);
			defaultConfigurationIsVisible = 0;
			defaultConfigurationName = Debug;
		};
		987220A47DC5D93D17710971 /* Build configuration list for PBXProject "Runner" */ = {
			isa = XCConfigurationList;
			buildConfigurations = (
				7CF6CFF957D9345E14BFCBE0 /* Debug */,
				59902B3437269D7EDB4D0AFA /* Release */,
			);
			defaultConfigurationIsVisible = 0;
			defaultConfigurationName = Debug;
		};
		E4B487D78CD299B2286DE782 /* Build configuration list for PBXNativeTarget "RunnerTests" */ = {
			isa = XCConfigurationList;
			buildConfigurations = (
				128D4961A4EEAA0944B16058 /* Debug */,
				5D7A1B64955A53055FA7173A /* Release */,
			);
			defaultConfigurationIsVisible = 0;
			defaultConfigurationName = Debug;
		};
/* End XCConfigurationList section */
	};
	rootObject = 5FC4EA95F23E6A8CF0BD7276 /* Project object */;
}
