// !$*UTF8*$!
{
	archiveVersion = 1;
	classes = {
	};
	objectVersion = 77;
	objects = {

/* Begin PBXBuildFile section */
		007F31BFDCE8A3EB5FFA7D02 /* RunnerTests.swift in Sources */ = {isa = PBXBuildFile; fileRef = C129A9FB18F81555600E71B3 /* RunnerTests.swift */; };
		00DC40F2233F2C34DD993463 /* CameraVendorTransferPolicy.swift in Sources */ = {isa = PBXBuildFile; fileRef = EF59CE8817BE76106004EB6E /* CameraVendorTransferPolicy.swift */; };
		01563AF1C08713172483FE8A /* CameraConnectionSteps.swift in Sources */ = {isa = PBXBuildFile; fileRef = B1785535FDE4AE556AC351EB /* CameraConnectionSteps.swift */; };
		CA0000010000000000000001 /* CameraCompatibility.swift in Sources */ = {isa = PBXBuildFile; fileRef = CA0000020000000000000002 /* CameraCompatibility.swift */; };
		CE0000010000000000000001 /* CameraCompatibilityLab.swift in Sources */ = {isa = PBXBuildFile; fileRef = CE0000020000000000000002 /* CameraCompatibilityLab.swift */; };
		CA1000010000000000000001 /* FujifilmProtocolEngine.swift in Sources */ = {isa = PBXBuildFile; fileRef = CA1000020000000000000002 /* FujifilmProtocolEngine.swift */; };
		CA2000010000000000000001 /* FujifilmCompatibility.swift in Sources */ = {isa = PBXBuildFile; fileRef = CA2000020000000000000002 /* FujifilmCompatibility.swift */; };
		CD0000010000000000000001 /* CameraDiagnosticPipeline.swift in Sources */ = {isa = PBXBuildFile; fileRef = CD0000020000000000000002 /* CameraDiagnosticPipeline.swift */; };
		07C5C84FDD2F7E5AC97B19D2 /* CameraSessionRecoveryStore.swift in Sources */ = {isa = PBXBuildFile; fileRef = 8DA90C5DE47229CB6AEA3395 /* CameraSessionRecoveryStore.swift */; };
		082DDC9F626D556DD44A5273 /* CameraGalleryConnectionCoordinator.swift in Sources */ = {isa = PBXBuildFile; fileRef = B96D60CA53C8D03F99E89C22 /* CameraGalleryConnectionCoordinator.swift */; };
		0D2EFB6B3EB5E1AA3B5EA483 /* CameraGallerySession.swift in Sources */ = {isa = PBXBuildFile; fileRef = 790A6CEA350B518C70B09154 /* CameraGallerySession.swift */; };
		0D2FDF3FF21F2F7B30A519B2 /* NativeConnectViewController.swift in Sources */ = {isa = PBXBuildFile; fileRef = 23B33146CEC3C5DA80D096F8 /* NativeConnectViewController.swift */; };
		0ECB6E0DC3B6EB8FAD7D8125 /* CameraRememberedConnectionFlowDriver.swift in Sources */ = {isa = PBXBuildFile; fileRef = 2D5D2A7AD1546B5E4DB8FE7A /* CameraRememberedConnectionFlowDriver.swift */; };
		10318AC1513B94E232296B17 /* CameraSessionLiveActivityController.swift in Sources */ = {isa = PBXBuildFile; fileRef = F7F279EBDC716817439DE6C6 /* CameraSessionLiveActivityController.swift */; };
		158F246B78E9189F99ADB88E /* NativeScanViewController.swift in Sources */ = {isa = PBXBuildFile; fileRef = D97C842C26BEF3F339A28F25 /* NativeScanViewController.swift */; };
		2062800DBD92F6BB0D5B358D /* CameraSessionBackgroundSupervisor.swift in Sources */ = {isa = PBXBuildFile; fileRef = D877FB9093E865F3ADF1EEAF /* CameraSessionBackgroundSupervisor.swift */; };
		22BB0301059A7B18AB687B87 /* CameraAdapter.swift in Sources */ = {isa = PBXBuildFile; fileRef = F57265682EC0C0E6093AB35F /* CameraAdapter.swift */; };
		26168D6E335307C680D37A7C /* RunnerApp.swift in Sources */ = {isa = PBXBuildFile; fileRef = 83E162AB02AF87B6A27F8F7D /* RunnerApp.swift */; };
		27F7557CB539CADB953B92AB /* CameraVendorBluetoothService.swift in Sources */ = {isa = PBXBuildFile; fileRef = D457106A89EA9C4C918EB6D0 /* CameraVendorBluetoothService.swift */; };
		2964C91E97E1085E094892C3 /* CameraVendorTransferModeCoordinator.swift in Sources */ = {isa = PBXBuildFile; fileRef = A7E956887CE70662AB3291A1 /* CameraVendorTransferModeCoordinator.swift */; };
		2982E8EDFAE95050894A8935 /* CameraDownloadModule.swift in Sources */ = {isa = PBXBuildFile; fileRef = 393CDF9EC2836EA5F98BCEE0 /* CameraDownloadModule.swift */; };
		2D490BCE8C0BA250290AAC3B /* CameraSessionActivityAttributes.swift in Sources */ = {isa = PBXBuildFile; fileRef = 2EB26EA8618168E48B7DE465 /* CameraSessionActivityAttributes.swift */; };
		2EEF506BA3A1C2C641F82128 /* CameraSessionTransferExecutor.swift in Sources */ = {isa = PBXBuildFile; fileRef = C4B30C9413C1E22EBE94520C /* CameraSessionTransferExecutor.swift */; };
		31EEB39326ED50A31610C4B6 /* CameraVendorConnectFlowBridge.swift in Sources */ = {isa = PBXBuildFile; fileRef = 8D786BF22E5AF11DC3CCD6FC /* CameraVendorConnectFlowBridge.swift */; };
		356561F28C44168A77FD3470 /* CameraVendorPairingStore.swift in Sources */ = {isa = PBXBuildFile; fileRef = B7233B736416CA63CBCCFD9E /* CameraVendorPairingStore.swift */; };
		3A87F09F4D6DF32C3E36B713 /* CameraVendorSecureHandshake.swift in Sources */ = {isa = PBXBuildFile; fileRef = 6E1BD9B76EA9C6F1EE461918 /* CameraVendorSecureHandshake.swift */; };
		3DDF6D34A71DE9B7DADF4107 /* CameraGalleryRepositoryAdapters.swift in Sources */ = {isa = PBXBuildFile; fileRef = 9EE2087D04BEC22DAE7210BD /* CameraGalleryRepositoryAdapters.swift */; };
		41A84F673A15B58C0680151D /* LocalProofingSession.swift in Sources */ = {isa = PBXBuildFile; fileRef = 8F9819ABFBC29A3F5568F282 /* LocalProofingSession.swift */; };
		454196A61238DD1B900B23A2 /* CameraGalleryCatalogRuntime.swift in Sources */ = {isa = PBXBuildFile; fileRef = 47AED8901AC0204950919A83 /* CameraGalleryCatalogRuntime.swift */; };
		4729DBB685779356DA98DAC7 /* CameraGalleryModule.swift in Sources */ = {isa = PBXBuildFile; fileRef = CDE56B4E4C26E5C8B4081933 /* CameraGalleryModule.swift */; };
		4C38BD78952BB518062F2473 /* CameraVendorCatalogPolicy.swift in Sources */ = {isa = PBXBuildFile; fileRef = CF8766A2A28C19C7BF3DF783 /* CameraVendorCatalogPolicy.swift */; };
		4DA93E83A9CFFA737F53A186 /* CameraVendorPairingProbe.swift in Sources */ = {isa = PBXBuildFile; fileRef = 88C4856CA0738EF7DFF81439 /* CameraVendorPairingProbe.swift */; };
		4DBBE5464F0FF09ED93C7289 /* NativeGalleryHDPreviewCell.swift in Sources */ = {isa = PBXBuildFile; fileRef = DE261802A4EAB8EDEF3BCEF5 /* NativeGalleryHDPreviewCell.swift */; };
		4E051428DB1C8876066C6F0F /* CameraVendorPtpSocket.swift in Sources */ = {isa = PBXBuildFile; fileRef = 933233871AEEF6EA5F4ED57D /* CameraVendorPtpSocket.swift */; };
		515377A16FCCBF0B8FE38613 /* CameraGallerySources.swift in Sources */ = {isa = PBXBuildFile; fileRef = 454332907FD29532E6247361 /* CameraGallerySources.swift */; };
		54A53199C2079DDFE3C0FF6A /* CameraVendorPtpSession.swift in Sources */ = {isa = PBXBuildFile; fileRef = 8941C8D867E337D6653EFE20 /* CameraVendorPtpSession.swift */; };
		56F823F6C4D3FD626CD5CFFF /* NativeGalleryViewController.swift in Sources */ = {isa = PBXBuildFile; fileRef = 4523DED23D44BBD9A621FC5D /* NativeGalleryViewController.swift */; };
		59EE0CCD4E7ED3FCF6F899E3 /* CameraVendorRealtimeGalleryService.swift in Sources */ = {isa = PBXBuildFile; fileRef = 79A919D4C049FA80D701884F /* CameraVendorRealtimeGalleryService.swift */; };
		5C3D443B5464B2CF50FF7591 /* CameraGalleryMediaIdentity.swift in Sources */ = {isa = PBXBuildFile; fileRef = E81D64362E852C120071A689 /* CameraGalleryMediaIdentity.swift */; };
		5C9981C278C8048E2FE4A6D7 /* CameraVendorDiagnostics.swift in Sources */ = {isa = PBXBuildFile; fileRef = 35CA7FD4065DACF0DE04E100 /* CameraVendorDiagnostics.swift */; };
		5E925099929AB898E5D9F6C9 /* CameraGalleryCatalogModels.swift in Sources */ = {isa = PBXBuildFile; fileRef = 123F3C97065C63A7CAEC4BF1 /* CameraGalleryCatalogModels.swift */; };
		65E6F39481CB19CDEEF3CAA2 /* FujifilmCameraAdapter.swift in Sources */ = {isa = PBXBuildFile; fileRef = 885AFF3A80513C34DC44ED4E /* FujifilmCameraAdapter.swift */; };
		662E90E88CC81BD3CA102996 /* CameraSessionActivityWidget.appex in Embed Foundation Extensions */ = {isa = PBXBuildFile; fileRef = F983ADDEA06E54D64D8BDBE9 /* CameraSessionActivityWidget.appex */; settings = {ATTRIBUTES = (RemoveHeadersOnCopy, ); }; };
		677D3E52FDC11F46B9328978 /* CameraPairingConfirmationFlowDriver.swift in Sources */ = {isa = PBXBuildFile; fileRef = 5336B80F2176378DEC57C469 /* CameraPairingConfirmationFlowDriver.swift */; };
		687BF03C10F037256B7746B0 /* NativeGalleryHDTargetDecoder.swift in Sources */ = {isa = PBXBuildFile; fileRef = 3EB84F751B1E05DB914A8030 /* NativeGalleryHDTargetDecoder.swift */; };
		6EDC471942907B568396F5B9 /* CameraTransferFlowDriver.swift in Sources */ = {isa = PBXBuildFile; fileRef = 0CD450EA3197338E5E1DC288 /* CameraTransferFlowDriver.swift */; };
		7720E634F58DDEDF3658A1D5 /* CameraAutoDownloadRule.swift in Sources */ = {isa = PBXBuildFile; fileRef = A9E5D4AC6A61A47D1E6A1682 /* CameraAutoDownloadRule.swift */; };
		7CDA7792842696F6FB5C1908 /* CameraVendorPtpProtocol.swift in Sources */ = {isa = PBXBuildFile; fileRef = 5C53741AC3CECFB161B18B95 /* CameraVendorPtpProtocol.swift */; };
		7CFEAF3D43529A8B57A8CEFE /* NativePhotoPreviewViewController.swift in Sources */ = {isa = PBXBuildFile; fileRef = CE6F5960D5CC7B653A281EB2 /* NativePhotoPreviewViewController.swift */; };
		7EB63F03FE4D431F3C0EAABD /* CameraVendorGalleryMainlineSessionLoader.swift in Sources */ = {isa = PBXBuildFile; fileRef = 8620442D979E9B6EF30B3869 /* CameraVendorGalleryMainlineSessionLoader.swift */; };
		7EE5E8C1B87C300993C9BF33 /* CameraPhotoLibraryProvider.swift in Sources */ = {isa = PBXBuildFile; fileRef = 32DDB6284AEA69334A7C8123 /* CameraPhotoLibraryProvider.swift */; };
		85B5B6854C8EE2B26A17285A /* WiredCameraImportService.swift in Sources */ = {isa = PBXBuildFile; fileRef = 7ECDADD41B7B41D631C7FA7E /* WiredCameraImportService.swift */; };
		8A5C7DF56BBCE910249EFEBC /* CameraGalleryResumeStore.swift in Sources */ = {isa = PBXBuildFile; fileRef = B70D504D9B9952EF606A7A12 /* CameraGalleryResumeStore.swift */; };
		904B943B16FECFC1CC4C38DD /* CameraSessionActivityWidget.swift in Sources */ = {isa = PBXBuildFile; fileRef = 1E157140EF5819ABC146105D /* CameraSessionActivityWidget.swift */; };
		93B1ECA3AC91631F6AA9B76C /* CameraAppFlowCoordinator.swift in Sources */ = {isa = PBXBuildFile; fileRef = 5CB84B3B3F24064BF055CBF8 /* CameraAppFlowCoordinator.swift */; };
		9463C95FF88E9ECBE16CD042 /* NativeGalleryHDFullScreenViewController.swift in Sources */ = {isa = PBXBuildFile; fileRef = 96C713C31DEEF1E0942BD441 /* NativeGalleryHDFullScreenViewController.swift */; };
		9A73FC96160322D3014179ED /* CameraSessionConnectionWorker.swift in Sources */ = {isa = PBXBuildFile; fileRef = 1BF127734F9C6F964F88FE29 /* CameraSessionConnectionWorker.swift */; };
		9B5DAC9FE8A1FA52D06922A9 /* CameraGalleryEntryCoordinator.swift in Sources */ = {isa = PBXBuildFile; fileRef = 33BA409F38B7F16ED88A20A3 /* CameraGalleryEntryCoordinator.swift */; };
		A3EFB62D951429A026DA058D /* WiredCameraImportViewController.swift in Sources */ = {isa = PBXBuildFile; fileRef = 769F32414557A775543C8639 /* WiredCameraImportViewController.swift */; };
		A5E8E3BBD16B08C09ED18943 /* ProAccessController.swift in Sources */ = {isa = PBXBuildFile; fileRef = 4E412E8677CF860F78B6EC5B /* ProAccessController.swift */; };
		AAD5C220703D8BC74702480B /* CameraCoreModels.swift in Sources */ = {isa = PBXBuildFile; fileRef = 850707930ED023C58251512E /* CameraCoreModels.swift */; };
		AB7DE2ACA047B66705B5BBEF /* CameraGalleryRepository.swift in Sources */ = {isa = PBXBuildFile; fileRef = 99F05E213876FAAB30E4A121 /* CameraGalleryRepository.swift */; };
		AD2D6F269138CE28FE28BD10 /* CameraFilterEngine.swift in Sources */ = {isa = PBXBuildFile; fileRef = C9443BEF52D01D2B6A8BA6D5 /* CameraFilterEngine.swift */; };
		B0A90DEEEEF3144B63E6E3D2 /* CameraGalleryThumbnailPipeline.swift in Sources */ = {isa = PBXBuildFile; fileRef = 43CEC9046074254D7A0FD04E /* CameraGalleryThumbnailPipeline.swift */; };
		B0F66DD55877D9584C56E232 /* CameraGalleryFilterStateStore.swift in Sources */ = {isa = PBXBuildFile; fileRef = 2A5188CCE73788748A90195C /* CameraGalleryFilterStateStore.swift */; };
		B4BB601B9F87A73C4A8256A1 /* CameraRegistrationGuard.swift in Sources */ = {isa = PBXBuildFile; fileRef = 18EF932F34DA5C981150C7FA /* CameraRegistrationGuard.swift */; };
		B5775926B98401F0801726DF /* CameraSessionRuntime.swift in Sources */ = {isa = PBXBuildFile; fileRef = 3A8A9D0740DB5D59D2759D55 /* CameraSessionRuntime.swift */; };
		B903C941DD4D21BEF9D7D864 /* CameraPairingModule.swift in Sources */ = {isa = PBXBuildFile; fileRef = 85DC3285FFADBB45ADDC2E40 /* CameraPairingModule.swift */; };
		BFD60BA1A498A9A0299EBAE5 /* CameraCommandLane.swift in Sources */ = {isa = PBXBuildFile; fileRef = 0AF9152A2C822D3385CACBE2 /* CameraCommandLane.swift */; };
		C005391B19856E8E51D6BEBA /* WiredCameraImportModels.swift in Sources */ = {isa = PBXBuildFile; fileRef = E20546164F7859705D226FCE /* WiredCameraImportModels.swift */; };
		C1ECD53CBEAF2C62F2A4E2B4 /* CameraCatalogAccessLease.swift in Sources */ = {isa = PBXBuildFile; fileRef = D4294D83A8BDED519C3ED418 /* CameraCatalogAccessLease.swift */; };
		C3C4D0320E3F152750BBCC45 /* CameraVendorOriginalTransferWorker.swift in Sources */ = {isa = PBXBuildFile; fileRef = E112B899E46FB0222B3F1013 /* CameraVendorOriginalTransferWorker.swift */; };
		C3DDD2AC95F3CEF1C6539E37 /* CameraCatalogQueryEngine.swift in Sources */ = {isa = PBXBuildFile; fileRef = 077F0D35FDEF16BB0F31DE52 /* CameraCatalogQueryEngine.swift */; };
		C3E722C4955DB59B3D21F257 /* QuickDownloadUseCase.swift in Sources */ = {isa = PBXBuildFile; fileRef = 33BAE8CC33A1362A856A40FA /* QuickDownloadUseCase.swift */; };
		C662F5C07D245D087BF260BB /* CameraConnectionStateMachine.swift in Sources */ = {isa = PBXBuildFile; fileRef = F8C63BB16D8CDF10A0C91AD5 /* CameraConnectionStateMachine.swift */; };
		CBA17A04287790D7CEDA414F /* NativeAutoDownloadSettingsViewController.swift in Sources */ = {isa = PBXBuildFile; fileRef = 1BFF364C04DED784514A5978 /* NativeAutoDownloadSettingsViewController.swift */; };
		D133097E78568D4B14106C62 /* CameraVendorWifiPolicy.swift in Sources */ = {isa = PBXBuildFile; fileRef = E30F2E5C671E41551A325021 /* CameraVendorWifiPolicy.swift */; };
		D35F0F6D963AC90A786B537D /* CameraMediaFilterRule.swift in Sources */ = {isa = PBXBuildFile; fileRef = F33E132EAC86B702E92D0736 /* CameraMediaFilterRule.swift */; };
		D73790471C7408BB145A1C23 /* CamTransferPaywallViewController.swift in Sources */ = {isa = PBXBuildFile; fileRef = 5BC38F167D0C94A49E9C91AA /* CamTransferPaywallViewController.swift */; };
		DC18D6045664645A1F5E31C1 /* Assets.xcassets in Resources */ = {isa = PBXBuildFile; fileRef = 510043DBEC3442DBC23147B8 /* Assets.xcassets */; };
		DCEA2CF1EC6E2D4FF098B299 /* NativeGalleryHDPreviewSession.swift in Sources */ = {isa = PBXBuildFile; fileRef = 0E42005BD544F5AA50190078 /* NativeGalleryHDPreviewSession.swift */; };
		E3AE111E6509FA626EAA7115 /* CameraGalleryHDPreviewPipeline.swift in Sources */ = {isa = PBXBuildFile; fileRef = F5292E8C26D9C9146466FF36 /* CameraGalleryHDPreviewPipeline.swift */; };
		E4E06DB46EF0678B4A9DDCB1 /* CameraTransportFailureDisposition.swift in Sources */ = {isa = PBXBuildFile; fileRef = 90F7FE2E756D6894F1551C79 /* CameraTransportFailureDisposition.swift */; };
		E7BE625B6F1C444945049488 /* FujifilmXSeriesProfile.swift in Sources */ = {isa = PBXBuildFile; fileRef = 863C640E1DFF7EEB915C907B /* FujifilmXSeriesProfile.swift */; };
		E7C009B76304D4BC3C997DF9 /* CameraConnectionFlowGuards.swift in Sources */ = {isa = PBXBuildFile; fileRef = 9249F1A4D7A6F6B6697F7DFA /* CameraConnectionFlowGuards.swift */; };
		E9B85CA50C617FE4AEAC6FA6 /* NativeGalleryPolicies.swift in Sources */ = {isa = PBXBuildFile; fileRef = 83DCCA61E25B1B4BF5BFD9EE /* NativeGalleryPolicies.swift */; };
		F0F955880762DFB3B34F35B5 /* CameraConnectFlowCoordinator.swift in Sources */ = {isa = PBXBuildFile; fileRef = 6CAE28E72F8814F293BF3FD0 /* CameraConnectFlowCoordinator.swift */; };
		FA556DCB3B834F4BB68B8612 /* CameraSessionActivityAttributes.swift in Sources */ = {isa = PBXBuildFile; fileRef = 2EB26EA8618168E48B7DE465 /* CameraSessionActivityAttributes.swift */; };
		FE20FBF0479597E3F7F5C6CD /* CameraConnectFlowRuntime.swift in Sources */ = {isa = PBXBuildFile; fileRef = DD5ADD83775CA4E77BF0DE86 /* CameraConnectFlowRuntime.swift */; };
/* End PBXBuildFile section */

/* Begin PBXContainerItemProxy section */
		979A20949DB7465AFE66261A /* PBXContainerItemProxy */ = {
			isa = PBXContainerItemProxy;
			containerPortal = 5FC4EA95F23E6A8CF0BD7276 /* Project object */;
			proxyType = 1;
			remoteGlobalIDString = 0CE8B55E2312A581679889BF;
			remoteInfo = Runner;
		};
		DAA4A8F8E067737758DF6CD8 /* PBXContainerItemProxy */ = {
			isa = PBXContainerItemProxy;
			containerPortal = 5FC4EA95F23E6A8CF0BD7276 /* Project object */;
			proxyType = 1;
			remoteGlobalIDString = 1C5E1B219EEEA5967BCE690C;
			remoteInfo = CameraSessionActivityWidget;
		};
/* End PBXContainerItemProxy section */

/* Begin PBXCopyFilesBuildPhase section */
		889DE6F8664908D135C720D4 /* Embed Foundation Extensions */ = {
			isa = PBXCopyFilesBuildPhase;
			buildActionMask = 2147483647;
			dstPath = "";
			dstSubfolderSpec = 13;
			files = (
				662E90E88CC81BD3CA102996 /* CameraSessionActivityWidget.appex in Embed Foundation Extensions */,
			);
			name = "Embed Foundation Extensions";
			runOnlyForDeploymentPostprocessing = 0;
		};
/* End PBXCopyFilesBuildPhase section */

/* Begin PBXFileReference section */
		077F0D35FDEF16BB0F31DE52 /* CameraCatalogQueryEngine.swift */ = {isa = PBXFileReference; lastKnownFileType = sourcecode.swift; path = CameraCatalogQueryEngine.swift; sourceTree = "<group>"; };
		0AF9152A2C822D3385CACBE2 /* CameraCommandLane.swift */ = {isa = PBXFileReference; lastKnownFileType = sourcecode.swift; path = CameraCommandLane.swift; sourceTree = "<group>"; };
		0CD450EA3197338E5E1DC288 /* CameraTransferFlowDriver.swift */ = {isa = PBXFileReference; lastKnownFileType = sourcecode.swift; path = CameraTransferFlowDriver.swift; sourceTree = "<group>"; };
		0E42005BD544F5AA50190078 /* NativeGalleryHDPreviewSession.swift */ = {isa = PBXFileReference; lastKnownFileType = sourcecode.swift; path = NativeGalleryHDPreviewSession.swift; sourceTree = "<group>"; };
		123F3C97065C63A7CAEC4BF1 /* CameraGalleryCatalogModels.swift */ = {isa = PBXFileReference; lastKnownFileType = sourcecode.swift; path = CameraGalleryCatalogModels.swift; sourceTree = "<group>"; };
		18EF932F34DA5C981150C7FA /* CameraRegistrationGuard.swift */ = {isa = PBXFileReference; lastKnownFileType = sourcecode.swift; path = CameraRegistrationGuard.swift; sourceTree = "<group>"; };
		1B96651EFBF5171FE9A72C98 /* Runner.entitlements */ = {isa = PBXFileReference; lastKnownFileType = text.plist.entitlements; path = Runner.entitlements; sourceTree = "<group>"; };
		1BF127734F9C6F964F88FE29 /* CameraSessionConnectionWorker.swift */ = {isa = PBXFileReference; lastKnownFileType = sourcecode.swift; path = CameraSessionConnectionWorker.swift; sourceTree = "<group>"; };
		1BFF364C04DED784514A5978 /* NativeAutoDownloadSettingsViewController.swift */ = {isa = PBXFileReference; lastKnownFileType = sourcecode.swift; path = NativeAutoDownloadSettingsViewController.swift; sourceTree = "<group>"; };
		1E157140EF5819ABC146105D /* CameraSessionActivityWidget.swift */ = {isa = PBXFileReference; lastKnownFileType = sourcecode.swift; path = CameraSessionActivityWidget.swift; sourceTree = "<group>"; };
		23B33146CEC3C5DA80D096F8 /* NativeConnectViewController.swift */ = {isa = PBXFileReference; lastKnownFileType = sourcecode.swift; path = NativeConnectViewController.swift; sourceTree = "<group>"; };
		2A5188CCE73788748A90195C /* CameraGalleryFilterStateStore.swift */ = {isa = PBXFileReference; lastKnownFileType = sourcecode.swift; path = CameraGalleryFilterStateStore.swift; sourceTree = "<group>"; };
		2D5D2A7AD1546B5E4DB8FE7A /* CameraRememberedConnectionFlowDriver.swift */ = {isa = PBXFileReference; lastKnownFileType = sourcecode.swift; path = CameraRememberedConnectionFlowDriver.swift; sourceTree = "<group>"; };
		2EB26EA8618168E48B7DE465 /* CameraSessionActivityAttributes.swift */ = {isa = PBXFileReference; lastKnownFileType = sourcecode.swift; path = CameraSessionActivityAttributes.swift; sourceTree = "<group>"; };
		32DDB6284AEA69334A7C8123 /* CameraPhotoLibraryProvider.swift */ = {isa = PBXFileReference; lastKnownFileType = sourcecode.swift; path = CameraPhotoLibraryProvider.swift; sourceTree = "<group>"; };
		33BA409F38B7F16ED88A20A3 /* CameraGalleryEntryCoordinator.swift */ = {isa = PBXFileReference; lastKnownFileType = sourcecode.swift; path = CameraGalleryEntryCoordinator.swift; sourceTree = "<group>"; };
		33BAE8CC33A1362A856A40FA /* QuickDownloadUseCase.swift */ = {isa = PBXFileReference; lastKnownFileType = sourcecode.swift; path = QuickDownloadUseCase.swift; sourceTree = "<group>"; };
		35CA7FD4065DACF0DE04E100 /* CameraVendorDiagnostics.swift */ = {isa = PBXFileReference; lastKnownFileType = sourcecode.swift; path = CameraVendorDiagnostics.swift; sourceTree = "<group>"; };
		CD0000020000000000000002 /* CameraDiagnosticPipeline.swift */ = {isa = PBXFileReference; lastKnownFileType = sourcecode.swift; path = CameraDiagnosticPipeline.swift; sourceTree = "<group>"; };
		393CDF9EC2836EA5F98BCEE0 /* CameraDownloadModule.swift */ = {isa = PBXFileReference; lastKnownFileType = sourcecode.swift; path = CameraDownloadModule.swift; sourceTree = "<group>"; };
		3A8A9D0740DB5D59D2759D55 /* CameraSessionRuntime.swift */ = {isa = PBXFileReference; lastKnownFileType = sourcecode.swift; path = CameraSessionRuntime.swift; sourceTree = "<group>"; };
		3EB84F751B1E05DB914A8030 /* NativeGalleryHDTargetDecoder.swift */ = {isa = PBXFileReference; lastKnownFileType = sourcecode.swift; path = NativeGalleryHDTargetDecoder.swift; sourceTree = "<group>"; };
		43CEC9046074254D7A0FD04E /* CameraGalleryThumbnailPipeline.swift */ = {isa = PBXFileReference; lastKnownFileType = sourcecode.swift; path = CameraGalleryThumbnailPipeline.swift; sourceTree = "<group>"; };
		441BB440808680D6267F3889 /* Info.plist */ = {isa = PBXFileReference; lastKnownFileType = text.plist; path = Info.plist; sourceTree = "<group>"; };
		4523DED23D44BBD9A621FC5D /* NativeGalleryViewController.swift */ = {isa = PBXFileReference; lastKnownFileType = sourcecode.swift; path = NativeGalleryViewController.swift; sourceTree = "<group>"; };
		454332907FD29532E6247361 /* CameraGallerySources.swift */ = {isa = PBXFileReference; lastKnownFileType = sourcecode.swift; path = CameraGallerySources.swift; sourceTree = "<group>"; };
		47AED8901AC0204950919A83 /* CameraGalleryCatalogRuntime.swift */ = {isa = PBXFileReference; lastKnownFileType = sourcecode.swift; path = CameraGalleryCatalogRuntime.swift; sourceTree = "<group>"; };
		48E2AFFE9BFB207202AD0539 /* RunnerTests.xctest */ = {isa = PBXFileReference; includeInIndex = 0; lastKnownFileType = wrapper.cfbundle; path = RunnerTests.xctest; sourceTree = BUILT_PRODUCTS_DIR; };
		4E412E8677CF860F78B6EC5B /* ProAccessController.swift */ = {isa = PBXFileReference; lastKnownFileType = sourcecode.swift; path = ProAccessController.swift; sourceTree = "<group>"; };
		510043DBEC3442DBC23147B8 /* Assets.xcassets */ = {isa = PBXFileReference; lastKnownFileType = folder.assetcatalog; path = Assets.xcassets; sourceTree = "<group>"; };
		5336B80F2176378DEC57C469 /* CameraPairingConfirmationFlowDriver.swift */ = {isa = PBXFileReference; lastKnownFileType = sourcecode.swift; path = CameraPairingConfirmationFlowDriver.swift; sourceTree = "<group>"; };
		5BC38F167D0C94A49E9C91AA /* CamTransferPaywallViewController.swift */ = {isa = PBXFileReference; lastKnownFileType = sourcecode.swift; path = CamTransferPaywallViewController.swift; sourceTree = "<group>"; };
		5C53741AC3CECFB161B18B95 /* CameraVendorPtpProtocol.swift */ = {isa = PBXFileReference; lastKnownFileType = sourcecode.swift; path = CameraVendorPtpProtocol.swift; sourceTree = "<group>"; };
		5CB84B3B3F24064BF055CBF8 /* CameraAppFlowCoordinator.swift */ = {isa = PBXFileReference; lastKnownFileType = sourcecode.swift; path = CameraAppFlowCoordinator.swift; sourceTree = "<group>"; };
		6CAE28E72F8814F293BF3FD0 /* CameraConnectFlowCoordinator.swift */ = {isa = PBXFileReference; lastKnownFileType = sourcecode.swift; path = CameraConnectFlowCoordinator.swift; sourceTree = "<group>"; };
		6E1BD9B76EA9C6F1EE461918 /* CameraVendorSecureHandshake.swift */ = {isa = PBXFileReference; lastKnownFileType = sourcecode.swift; path = CameraVendorSecureHandshake.swift; sourceTree = "<group>"; };
		769F32414557A775543C8639 /* WiredCameraImportViewController.swift */ = {isa = PBXFileReference; lastKnownFileType = sourcecode.swift; path = WiredCameraImportViewController.swift; sourceTree = "<group>"; };
		790A6CEA350B518C70B09154 /* CameraGallerySession.swift */ = {isa = PBXFileReference; lastKnownFileType = sourcecode.swift; path = CameraGallerySession.swift; sourceTree = "<group>"; };
		79A919D4C049FA80D701884F /* CameraVendorRealtimeGalleryService.swift */ = {isa = PBXFileReference; lastKnownFileType = sourcecode.swift; path = CameraVendorRealtimeGalleryService.swift; sourceTree = "<group>"; };
		7ECDADD41B7B41D631C7FA7E /* WiredCameraImportService.swift */ = {isa = PBXFileReference; lastKnownFileType = sourcecode.swift; path = WiredCameraImportService.swift; sourceTree = "<group>"; };
		83DCCA61E25B1B4BF5BFD9EE /* NativeGalleryPolicies.swift */ = {isa = PBXFileReference; lastKnownFileType = sourcecode.swift; path = NativeGalleryPolicies.swift; sourceTree = "<group>"; };
		83E162AB02AF87B6A27F8F7D /* RunnerApp.swift */ = {isa = PBXFileReference; lastKnownFileType = sourcecode.swift; path = RunnerApp.swift; sourceTree = "<group>"; };
		850707930ED023C58251512E /* CameraCoreModels.swift */ = {isa = PBXFileReference; lastKnownFileType = sourcecode.swift; path = CameraCoreModels.swift; sourceTree = "<group>"; };
		85DC3285FFADBB45ADDC2E40 /* CameraPairingModule.swift */ = {isa = PBXFileReference; lastKnownFileType = sourcecode.swift; path = CameraPairingModule.swift; sourceTree = "<group>"; };
		8620442D979E9B6EF30B3869 /* CameraVendorGalleryMainlineSessionLoader.swift */ = {isa = PBXFileReference; lastKnownFileType = sourcecode.swift; path = CameraVendorGalleryMainlineSessionLoader.swift; sourceTree = "<group>"; };
		863C640E1DFF7EEB915C907B /* FujifilmXSeriesProfile.swift */ = {isa = PBXFileReference; lastKnownFileType = sourcecode.swift; path = FujifilmXSeriesProfile.swift; sourceTree = "<group>"; };
		885AFF3A80513C34DC44ED4E /* FujifilmCameraAdapter.swift */ = {isa = PBXFileReference; lastKnownFileType = sourcecode.swift; path = FujifilmCameraAdapter.swift; sourceTree = "<group>"; };
		88C4856CA0738EF7DFF81439 /* CameraVendorPairingProbe.swift */ = {isa = PBXFileReference; lastKnownFileType = sourcecode.swift; path = CameraVendorPairingProbe.swift; sourceTree = "<group>"; };
		8941C8D867E337D6653EFE20 /* CameraVendorPtpSession.swift */ = {isa = PBXFileReference; lastKnownFileType = sourcecode.swift; path = CameraVendorPtpSession.swift; sourceTree = "<group>"; };
		8D786BF22E5AF11DC3CCD6FC /* CameraVendorConnectFlowBridge.swift */ = {isa = PBXFileReference; lastKnownFileType = sourcecode.swift; path = CameraVendorConnectFlowBridge.swift; sourceTree = "<group>"; };
		8DA90C5DE47229CB6AEA3395 /* CameraSessionRecoveryStore.swift */ = {isa = PBXFileReference; lastKnownFileType = sourcecode.swift; path = CameraSessionRecoveryStore.swift; sourceTree = "<group>"; };
		8F9819ABFBC29A3F5568F282 /* LocalProofingSession.swift */ = {isa = PBXFileReference; lastKnownFileType = sourcecode.swift; path = LocalProofingSession.swift; sourceTree = "<group>"; };
		90F7FE2E756D6894F1551C79 /* CameraTransportFailureDisposition.swift */ = {isa = PBXFileReference; lastKnownFileType = sourcecode.swift; path = CameraTransportFailureDisposition.swift; sourceTree = "<group>"; };
		9249F1A4D7A6F6B6697F7DFA /* CameraConnectionFlowGuards.swift */ = {isa = PBXFileReference; lastKnownFileType = sourcecode.swift; path = CameraConnectionFlowGuards.swift; sourceTree = "<group>"; };
		933233871AEEF6EA5F4ED57D /* CameraVendorPtpSocket.swift */ = {isa = PBXFileReference; lastKnownFileType = sourcecode.swift; path = CameraVendorPtpSocket.swift; sourceTree = "<group>"; };
		96C713C31DEEF1E0942BD441 /* NativeGalleryHDFullScreenViewController.swift */ = {isa = PBXFileReference; lastKnownFileType = sourcecode.swift; path = NativeGalleryHDFullScreenViewController.swift; sourceTree = "<group>"; };
		99F05E213876FAAB30E4A121 /* CameraGalleryRepository.swift */ = {isa = PBXFileReference; lastKnownFileType = sourcecode.swift; path = CameraGalleryRepository.swift; sourceTree = "<group>"; };
		9A5AD375AC847AF6C9C1F85E /* Info.plist */ = {isa = PBXFileReference; lastKnownFileType = text.plist; path = Info.plist; sourceTree = "<group>"; };
		9EE2087D04BEC22DAE7210BD /* CameraGalleryRepositoryAdapters.swift */ = {isa = PBXFileReference; lastKnownFileType = sourcecode.swift; path = CameraGalleryRepositoryAdapters.swift; sourceTree = "<group>"; };
		A7E956887CE70662AB3291A1 /* CameraVendorTransferModeCoordinator.swift */ = {isa = PBXFileReference; lastKnownFileType = sourcecode.swift; path = CameraVendorTransferModeCoordinator.swift; sourceTree = "<group>"; };
		A9E5D4AC6A61A47D1E6A1682 /* CameraAutoDownloadRule.swift */ = {isa = PBXFileReference; lastKnownFileType = sourcecode.swift; path = CameraAutoDownloadRule.swift; sourceTree = "<group>"; };
		B1785535FDE4AE556AC351EB /* CameraConnectionSteps.swift */ = {isa = PBXFileReference; lastKnownFileType = sourcecode.swift; path = CameraConnectionSteps.swift; sourceTree = "<group>"; };
		CA0000020000000000000002 /* CameraCompatibility.swift */ = {isa = PBXFileReference; lastKnownFileType = sourcecode.swift; path = CameraCompatibility.swift; sourceTree = "<group>"; };
		CE0000020000000000000002 /* CameraCompatibilityLab.swift */ = {isa = PBXFileReference; lastKnownFileType = sourcecode.swift; path = CameraCompatibilityLab.swift; sourceTree = "<group>"; };
		CA1000020000000000000002 /* FujifilmProtocolEngine.swift */ = {isa = PBXFileReference; lastKnownFileType = sourcecode.swift; path = FujifilmProtocolEngine.swift; sourceTree = "<group>"; };
		CA2000020000000000000002 /* FujifilmCompatibility.swift */ = {isa = PBXFileReference; lastKnownFileType = sourcecode.swift; path = FujifilmCompatibility.swift; sourceTree = "<group>"; };
		B2E448C1951CDAF54DC87758 /* Runner.app */ = {isa = PBXFileReference; includeInIndex = 0; lastKnownFileType = wrapper.application; path = Runner.app; sourceTree = BUILT_PRODUCTS_DIR; };
		B70D504D9B9952EF606A7A12 /* CameraGalleryResumeStore.swift */ = {isa = PBXFileReference; lastKnownFileType = sourcecode.swift; path = CameraGalleryResumeStore.swift; sourceTree = "<group>"; };
		B7233B736416CA63CBCCFD9E /* CameraVendorPairingStore.swift */ = {isa = PBXFileReference; lastKnownFileType = sourcecode.swift; path = CameraVendorPairingStore.swift; sourceTree = "<group>"; };
		B96D60CA53C8D03F99E89C22 /* CameraGalleryConnectionCoordinator.swift */ = {isa = PBXFileReference; lastKnownFileType = sourcecode.swift; path = CameraGalleryConnectionCoordinator.swift; sourceTree = "<group>"; };
		C129A9FB18F81555600E71B3 /* RunnerTests.swift */ = {isa = PBXFileReference; lastKnownFileType = sourcecode.swift; path = RunnerTests.swift; sourceTree = "<group>"; };
		C4B30C9413C1E22EBE94520C /* CameraSessionTransferExecutor.swift */ = {isa = PBXFileReference; lastKnownFileType = sourcecode.swift; path = CameraSessionTransferExecutor.swift; sourceTree = "<group>"; };
		C9443BEF52D01D2B6A8BA6D5 /* CameraFilterEngine.swift */ = {isa = PBXFileReference; lastKnownFileType = sourcecode.swift; path = CameraFilterEngine.swift; sourceTree = "<group>"; };
		CDE56B4E4C26E5C8B4081933 /* CameraGalleryModule.swift */ = {isa = PBXFileReference; lastKnownFileType = sourcecode.swift; path = CameraGalleryModule.swift; sourceTree = "<group>"; };
		CE6F5960D5CC7B653A281EB2 /* NativePhotoPreviewViewController.swift */ = {isa = PBXFileReference; lastKnownFileType = sourcecode.swift; path = NativePhotoPreviewViewController.swift; sourceTree = "<group>"; };
		CF8766A2A28C19C7BF3DF783 /* CameraVendorCatalogPolicy.swift */ = {isa = PBXFileReference; lastKnownFileType = sourcecode.swift; path = CameraVendorCatalogPolicy.swift; sourceTree = "<group>"; };
		D4294D83A8BDED519C3ED418 /* CameraCatalogAccessLease.swift */ = {isa = PBXFileReference; lastKnownFileType = sourcecode.swift; path = CameraCatalogAccessLease.swift; sourceTree = "<group>"; };
		D457106A89EA9C4C918EB6D0 /* CameraVendorBluetoothService.swift */ = {isa = PBXFileReference; lastKnownFileType = sourcecode.swift; path = CameraVendorBluetoothService.swift; sourceTree = "<group>"; };
		D877FB9093E865F3ADF1EEAF /* CameraSessionBackgroundSupervisor.swift */ = {isa = PBXFileReference; lastKnownFileType = sourcecode.swift; path = CameraSessionBackgroundSupervisor.swift; sourceTree = "<group>"; };
		D97C842C26BEF3F339A28F25 /* NativeScanViewController.swift */ = {isa = PBXFileReference; lastKnownFileType = sourcecode.swift; path = NativeScanViewController.swift; sourceTree = "<group>"; };
		DD5ADD83775CA4E77BF0DE86 /* CameraConnectFlowRuntime.swift */ = {isa = PBXFileReference; lastKnownFileType = sourcecode.swift; path = CameraConnectFlowRuntime.swift; sourceTree = "<group>"; };
		DE261802A4EAB8EDEF3BCEF5 /* NativeGalleryHDPreviewCell.swift */ = {isa = PBXFileReference; lastKnownFileType = sourcecode.swift; path = NativeGalleryHDPreviewCell.swift; sourceTree = "<group>"; };
		E112B899E46FB0222B3F1013 /* CameraVendorOriginalTransferWorker.swift */ = {isa = PBXFileReference; lastKnownFileType = sourcecode.swift; path = CameraVendorOriginalTransferWorker.swift; sourceTree = "<group>"; };
		E20546164F7859705D226FCE /* WiredCameraImportModels.swift */ = {isa = PBXFileReference; lastKnownFileType = sourcecode.swift; path = WiredCameraImportModels.swift; sourceTree = "<group>"; };
		E30F2E5C671E41551A325021 /* CameraVendorWifiPolicy.swift */ = {isa = PBXFileReference; lastKnownFileType = sourcecode.swift; path = CameraVendorWifiPolicy.swift; sourceTree = "<group>"; };
		E81D64362E852C120071A689 /* CameraGalleryMediaIdentity.swift */ = {isa = PBXFileReference; lastKnownFileType = sourcecode.swift; path = CameraGalleryMediaIdentity.swift; sourceTree = "<group>"; };
		EF59CE8817BE76106004EB6E /* CameraVendorTransferPolicy.swift */ = {isa = PBXFileReference; lastKnownFileType = sourcecode.swift; path = CameraVendorTransferPolicy.swift; sourceTree = "<group>"; };
		EF5FB4318A26DD0D0A2B2D64 /* Info.plist */ = {isa = PBXFileReference; lastKnownFileType = text.plist; path = Info.plist; sourceTree = "<group>"; };
		F33E132EAC86B702E92D0736 /* CameraMediaFilterRule.swift */ = {isa = PBXFileReference; lastKnownFileType = sourcecode.swift; path = CameraMediaFilterRule.swift; sourceTree = "<group>"; };
		F5292E8C26D9C9146466FF36 /* CameraGalleryHDPreviewPipeline.swift */ = {isa = PBXFileReference; lastKnownFileType = sourcecode.swift; path = CameraGalleryHDPreviewPipeline.swift; sourceTree = "<group>"; };
		F57265682EC0C0E6093AB35F /* CameraAdapter.swift */ = {isa = PBXFileReference; lastKnownFileType = sourcecode.swift; path = CameraAdapter.swift; sourceTree = "<group>"; };
		F7F279EBDC716817439DE6C6 /* CameraSessionLiveActivityController.swift */ = {isa = PBXFileReference; lastKnownFileType = sourcecode.swift; path = CameraSessionLiveActivityController.swift; sourceTree = "<group>"; };
		F8C63BB16D8CDF10A0C91AD5 /* CameraConnectionStateMachine.swift */ = {isa = PBXFileReference; lastKnownFileType = sourcecode.swift; path = CameraConnectionStateMachine.swift; sourceTree = "<group>"; };
		F983ADDEA06E54D64D8BDBE9 /* CameraSessionActivityWidget.appex */ = {isa = PBXFileReference; includeInIndex = 0; lastKnownFileType = "wrapper.app-extension"; path = CameraSessionActivityWidget.appex; sourceTree = BUILT_PRODUCTS_DIR; };
/* End PBXFileReference section */

/* Begin PBXGroup section */
		05D9A16B876157F93400D0B8 /* Products */ = {
			isa = PBXGroup;
			children = (
				F983ADDEA06E54D64D8BDBE9 /* CameraSessionActivityWidget.appex */,
				B2E448C1951CDAF54DC87758 /* Runner.app */,
				48E2AFFE9BFB207202AD0539 /* RunnerTests.xctest */,
			);
			name = Products;
			sourceTree = "<group>";
		};
		0F581CC3412D2F2F02AF1463 /* Runner */ = {
			isa = PBXGroup;
			children = (
				510043DBEC3442DBC23147B8 /* Assets.xcassets */,
				A9E5D4AC6A61A47D1E6A1682 /* CameraAutoDownloadRule.swift */,
				0AF9152A2C822D3385CACBE2 /* CameraCommandLane.swift */,
				B70D504D9B9952EF606A7A12 /* CameraGalleryResumeStore.swift */,
				32DDB6284AEA69334A7C8123 /* CameraPhotoLibraryProvider.swift */,
				D877FB9093E865F3ADF1EEAF /* CameraSessionBackgroundSupervisor.swift */,
				1BF127734F9C6F964F88FE29 /* CameraSessionConnectionWorker.swift */,
				F7F279EBDC716817439DE6C6 /* CameraSessionLiveActivityController.swift */,
				8DA90C5DE47229CB6AEA3395 /* CameraSessionRecoveryStore.swift */,
				3A8A9D0740DB5D59D2759D55 /* CameraSessionRuntime.swift */,
				C4B30C9413C1E22EBE94520C /* CameraSessionTransferExecutor.swift */,
				90F7FE2E756D6894F1551C79 /* CameraTransportFailureDisposition.swift */,
				D457106A89EA9C4C918EB6D0 /* CameraVendorBluetoothService.swift */,
				CF8766A2A28C19C7BF3DF783 /* CameraVendorCatalogPolicy.swift */,
				8D786BF22E5AF11DC3CCD6FC /* CameraVendorConnectFlowBridge.swift */,
				35CA7FD4065DACF0DE04E100 /* CameraVendorDiagnostics.swift */,
				CD0000020000000000000002 /* CameraDiagnosticPipeline.swift */,
				8620442D979E9B6EF30B3869 /* CameraVendorGalleryMainlineSessionLoader.swift */,
				E112B899E46FB0222B3F1013 /* CameraVendorOriginalTransferWorker.swift */,
				88C4856CA0738EF7DFF81439 /* CameraVendorPairingProbe.swift */,
				B7233B736416CA63CBCCFD9E /* CameraVendorPairingStore.swift */,
				5C53741AC3CECFB161B18B95 /* CameraVendorPtpProtocol.swift */,
				8941C8D867E337D6653EFE20 /* CameraVendorPtpSession.swift */,
				933233871AEEF6EA5F4ED57D /* CameraVendorPtpSocket.swift */,
				79A919D4C049FA80D701884F /* CameraVendorRealtimeGalleryService.swift */,
				6E1BD9B76EA9C6F1EE461918 /* CameraVendorSecureHandshake.swift */,
				A7E956887CE70662AB3291A1 /* CameraVendorTransferModeCoordinator.swift */,
				EF59CE8817BE76106004EB6E /* CameraVendorTransferPolicy.swift */,
				E30F2E5C671E41551A325021 /* CameraVendorWifiPolicy.swift */,
				5BC38F167D0C94A49E9C91AA /* CamTransferPaywallViewController.swift */,
				441BB440808680D6267F3889 /* Info.plist */,
				8F9819ABFBC29A3F5568F282 /* LocalProofingSession.swift */,
				1BFF364C04DED784514A5978 /* NativeAutoDownloadSettingsViewController.swift */,
				23B33146CEC3C5DA80D096F8 /* NativeConnectViewController.swift */,
				96C713C31DEEF1E0942BD441 /* NativeGalleryHDFullScreenViewController.swift */,
				DE261802A4EAB8EDEF3BCEF5 /* NativeGalleryHDPreviewCell.swift */,
				0E42005BD544F5AA50190078 /* NativeGalleryHDPreviewSession.swift */,
				3EB84F751B1E05DB914A8030 /* NativeGalleryHDTargetDecoder.swift */,
				83DCCA61E25B1B4BF5BFD9EE /* NativeGalleryPolicies.swift */,
				4523DED23D44BBD9A621FC5D /* NativeGalleryViewController.swift */,
				CE6F5960D5CC7B653A281EB2 /* NativePhotoPreviewViewController.swift */,
				D97C842C26BEF3F339A28F25 /* NativeScanViewController.swift */,
				4E412E8677CF860F78B6EC5B /* ProAccessController.swift */,
				33BAE8CC33A1362A856A40FA /* QuickDownloadUseCase.swift */,
				1B96651EFBF5171FE9A72C98 /* Runner.entitlements */,
				83E162AB02AF87B6A27F8F7D /* RunnerApp.swift */,
				E20546164F7859705D226FCE /* WiredCameraImportModels.swift */,
				7ECDADD41B7B41D631C7FA7E /* WiredCameraImportService.swift */,
				769F32414557A775543C8639 /* WiredCameraImportViewController.swift */,
				4C31CDDBFAD26AE19914BC62 /* CameraAdapters */,
				71010514B5A2D33F6468848F /* CameraCore */,
			);
			path = Runner;
			sourceTree = "<group>";
		};
		1F0BEDE9CDFB985775CE208B /* Connection */ = {
			isa = PBXGroup;
			children = (
				CA0000020000000000000002 /* CameraCompatibility.swift */,
				CE0000020000000000000002 /* CameraCompatibilityLab.swift */,
				9249F1A4D7A6F6B6697F7DFA /* CameraConnectionFlowGuards.swift */,
				F8C63BB16D8CDF10A0C91AD5 /* CameraConnectionStateMachine.swift */,
				B1785535FDE4AE556AC351EB /* CameraConnectionSteps.swift */,
				B96D60CA53C8D03F99E89C22 /* CameraGalleryConnectionCoordinator.swift */,
				2D5D2A7AD1546B5E4DB8FE7A /* CameraRememberedConnectionFlowDriver.swift */,
				0CD450EA3197338E5E1DC288 /* CameraTransferFlowDriver.swift */,
			);
			path = Connection;
			sourceTree = "<group>";
		};
		255F1CC48DAF4C9EEF8C9938 /* RunnerTests */ = {
			isa = PBXGroup;
			children = (
				9A5AD375AC847AF6C9C1F85E /* Info.plist */,
				C129A9FB18F81555600E71B3 /* RunnerTests.swift */,
			);
			path = RunnerTests;
			sourceTree = "<group>";
		};
		401D1E58DFDD11310CD6BDB0 /* Shared */ = {
			isa = PBXGroup;
			children = (
				2EB26EA8618168E48B7DE465 /* CameraSessionActivityAttributes.swift */,
			);
			path = Shared;
			sourceTree = "<group>";
		};
		422863DDDF4ADAD718ED55E7 /* CameraSessionActivityWidget */ = {
			isa = PBXGroup;
			children = (
				1E157140EF5819ABC146105D /* CameraSessionActivityWidget.swift */,
				EF5FB4318A26DD0D0A2B2D64 /* Info.plist */,
			);
			path = CameraSessionActivityWidget;
			sourceTree = "<group>";
		};
		4C31CDDBFAD26AE19914BC62 /* CameraAdapters */ = {
			isa = PBXGroup;
			children = (
				4EFD7591CC8A3F66F08397A3 /* Core */,
				5DCA32541CC771D2B5D7CE71 /* Fujifilm */,
			);
			path = CameraAdapters;
			sourceTree = "<group>";
		};
		4EFD7591CC8A3F66F08397A3 /* Core */ = {
			isa = PBXGroup;
			children = (
				F57265682EC0C0E6093AB35F /* CameraAdapter.swift */,
			);
			path = Core;
			sourceTree = "<group>";
		};
		5DCA32541CC771D2B5D7CE71 /* Fujifilm */ = {
			isa = PBXGroup;
			children = (
				CA2000020000000000000002 /* FujifilmCompatibility.swift */,
				885AFF3A80513C34DC44ED4E /* FujifilmCameraAdapter.swift */,
				CA1000020000000000000002 /* FujifilmProtocolEngine.swift */,
				863C640E1DFF7EEB915C907B /* FujifilmXSeriesProfile.swift */,
			);
			path = Fujifilm;
			sourceTree = "<group>";
		};
		6B8C60A5C4D30220C98F8C2D /* Models */ = {
			isa = PBXGroup;
			children = (
				850707930ED023C58251512E /* CameraCoreModels.swift */,
			);
			path = Models;
			sourceTree = "<group>";
		};
		70ADC841B306BC5A302EAE83 /* Gallery */ = {
			isa = PBXGroup;
			children = (
				D4294D83A8BDED519C3ED418 /* CameraCatalogAccessLease.swift */,
				077F0D35FDEF16BB0F31DE52 /* CameraCatalogQueryEngine.swift */,
				C9443BEF52D01D2B6A8BA6D5 /* CameraFilterEngine.swift */,
				123F3C97065C63A7CAEC4BF1 /* CameraGalleryCatalogModels.swift */,
				47AED8901AC0204950919A83 /* CameraGalleryCatalogRuntime.swift */,
				2A5188CCE73788748A90195C /* CameraGalleryFilterStateStore.swift */,
				F5292E8C26D9C9146466FF36 /* CameraGalleryHDPreviewPipeline.swift */,
				E81D64362E852C120071A689 /* CameraGalleryMediaIdentity.swift */,
				CDE56B4E4C26E5C8B4081933 /* CameraGalleryModule.swift */,
				99F05E213876FAAB30E4A121 /* CameraGalleryRepository.swift */,
				9EE2087D04BEC22DAE7210BD /* CameraGalleryRepositoryAdapters.swift */,
				790A6CEA350B518C70B09154 /* CameraGallerySession.swift */,
				454332907FD29532E6247361 /* CameraGallerySources.swift */,
				43CEC9046074254D7A0FD04E /* CameraGalleryThumbnailPipeline.swift */,
				F33E132EAC86B702E92D0736 /* CameraMediaFilterRule.swift */,
			);
			path = Gallery;
			sourceTree = "<group>";
		};
		71010514B5A2D33F6468848F /* CameraCore */ = {
			isa = PBXGroup;
			children = (
				1F0BEDE9CDFB985775CE208B /* Connection */,
				E373EB991C352160B18B99E4 /* Download */,
				70ADC841B306BC5A302EAE83 /* Gallery */,
				6B8C60A5C4D30220C98F8C2D /* Models */,
				EB5C41118CE0BE691BDC60D3 /* Orchestration */,
				BEE86CF019D82C3074C43480 /* Pairing */,
				CEC43647EE2D4E169C14BA81 /* Registration */,
			);
			path = CameraCore;
			sourceTree = "<group>";
		};
		813DA9EE07BC3B30725BF5B2 = {
			isa = PBXGroup;
			children = (
				422863DDDF4ADAD718ED55E7 /* CameraSessionActivityWidget */,
				0F581CC3412D2F2F02AF1463 /* Runner */,
				255F1CC48DAF4C9EEF8C9938 /* RunnerTests */,
				401D1E58DFDD11310CD6BDB0 /* Shared */,
				05D9A16B876157F93400D0B8 /* Products */,
			);
			sourceTree = "<group>";
		};
		BEE86CF019D82C3074C43480 /* Pairing */ = {
			isa = PBXGroup;
			children = (
				5336B80F2176378DEC57C469 /* CameraPairingConfirmationFlowDriver.swift */,
				85DC3285FFADBB45ADDC2E40 /* CameraPairingModule.swift */,
			);
			path = Pairing;
			sourceTree = "<group>";
		};
		CEC43647EE2D4E169C14BA81 /* Registration */ = {
			isa = PBXGroup;
			children = (
				18EF932F34DA5C981150C7FA /* CameraRegistrationGuard.swift */,
			);
			path = Registration;
			sourceTree = "<group>";
		};
		E373EB991C352160B18B99E4 /* Download */ = {
			isa = PBXGroup;
			children = (
				393CDF9EC2836EA5F98BCEE0 /* CameraDownloadModule.swift */,
			);
			path = Download;
			sourceTree = "<group>";
		};
		EB5C41118CE0BE691BDC60D3 /* Orchestration */ = {
			isa = PBXGroup;
			children = (
				5CB84B3B3F24064BF055CBF8 /* CameraAppFlowCoordinator.swift */,
				6CAE28E72F8814F293BF3FD0 /* CameraConnectFlowCoordinator.swift */,
				DD5ADD83775CA4E77BF0DE86 /* CameraConnectFlowRuntime.swift */,
				33BA409F38B7F16ED88A20A3 /* CameraGalleryEntryCoordinator.swift */,
			);
			path = Orchestration;
			sourceTree = "<group>";
		};
/* End PBXGroup section */

/* Begin PBXNativeTarget section */
		0CE8B55E2312A581679889BF /* Runner */ = {
			isa = PBXNativeTarget;
			buildConfigurationList = 1C8B6CAA696D8F432715C5A8 /* Build configuration list for PBXNativeTarget "Runner" */;
			buildPhases = (
				D735B3CFE9B0688D9736E917 /* Sources */,
				AF3954250A8A50E99B88AFA5 /* Resources */,
				889DE6F8664908D135C720D4 /* Embed Foundation Extensions */,
			);
			buildRules = (
			);
			dependencies = (
				9B8A2EF09BD6995C243B9932 /* PBXTargetDependency */,
			);
			name = Runner;
			packageProductDependencies = (
			);
			productName = Runner;
			productReference = B2E448C1951CDAF54DC87758 /* Runner.app */;
			productType = "com.apple.product-type.application";
		};
		1C5E1B219EEEA5967BCE690C /* CameraSessionActivityWidget */ = {
			isa = PBXNativeTarget;
			buildConfigurationList = A46E46657B7354B670A5B453 /* Build configuration list for PBXNativeTarget "CameraSessionActivityWidget" */;
			buildPhases = (
				BCA98C59319A9B4F8A8E8329 /* Sources */,
			);
			buildRules = (
			);
			dependencies = (
			);
			name = CameraSessionActivityWidget;
			packageProductDependencies = (
			);
			productName = CameraSessionActivityWidget;
			productReference = F983ADDEA06E54D64D8BDBE9 /* CameraSessionActivityWidget.appex */;
			productType = "com.apple.product-type.app-extension";
		};
		ABAFB01E7FEA9C1DB0CE46CE /* RunnerTests */ = {
			isa = PBXNativeTarget;
			buildConfigurationList = E4B487D78CD299B2286DE782 /* Build configuration list for PBXNativeTarget "RunnerTests" */;
			buildPhases = (
				ACA1F3DE67878150D3C72EC1 /* Sources */,
			);
			buildRules = (
			);
			dependencies = (
				A1BDCC358D5033CC24618A73 /* PBXTargetDependency */,
			);
			name = RunnerTests;
			packageProductDependencies = (
			);
			productName = RunnerTests;
			productReference = 48E2AFFE9BFB207202AD0539 /* RunnerTests.xctest */;
			productType = "com.apple.product-type.bundle.unit-test";
		};
/* End PBXNativeTarget section */

/* Begin PBXProject section */
		5FC4EA95F23E6A8CF0BD7276 /* Project object */ = {
			isa = PBXProject;
			attributes = {
				BuildIndependentTargetsInParallel = YES;
				LastUpgradeCheck = 1430;
				TargetAttributes = {
					0CE8B55E2312A581679889BF = {
						DevelopmentTeam = 27C9C4H26H;
						ProvisioningStyle = Automatic;
						SystemCapabilities = {
							com.apple.AccessWiFi = {
								enabled = 1;
							};
							com.apple.HotspotConfiguration = {
								enabled = 1;
							};
						};
					};
					1C5E1B219EEEA5967BCE690C = {
						DevelopmentTeam = 27C9C4H26H;
						ProvisioningStyle = Automatic;
					};
					ABAFB01E7FEA9C1DB0CE46CE = {
						DevelopmentTeam = 27C9C4H26H;
						ProvisioningStyle = Automatic;
					};
				};
			};
			buildConfigurationList = 987220A47DC5D93D17710971 /* Build configuration list for PBXProject "Runner" */;
			compatibilityVersion = "Xcode 14.0";
			developmentRegion = en;
			hasScannedForEncodings = 0;
			knownRegions = (
				Base,
				en,
			);
			mainGroup = 813DA9EE07BC3B30725BF5B2;
			minimizedProjectReferenceProxies = 1;
			preferredProjectObjectVersion = 77;
			projectDirPath = "";
			projectRoot = "";
			targets = (
				1C5E1B219EEEA5967BCE690C /* CameraSessionActivityWidget */,
				0CE8B55E2312A581679889BF /* Runner */,
				ABAFB01E7FEA9C1DB0CE46CE /* RunnerTests */,
			);
		};
/* End PBXProject section */

/* Begin PBXResourcesBuildPhase section */
		AF3954250A8A50E99B88AFA5 /* Resources */ = {
			isa = PBXResourcesBuildPhase;
			buildActionMask = 2147483647;
			files = (
				DC18D6045664645A1F5E31C1 /* Assets.xcassets in Resources */,
			);
			runOnlyForDeploymentPostprocessing = 0;
		};
/* End PBXResourcesBuildPhase section */

/* Begin PBXSourcesBuildPhase section */
		ACA1F3DE67878150D3C72EC1 /* Sources */ = {
			isa = PBXSourcesBuildPhase;
			buildActionMask = 2147483647;
			files = (
				007F31BFDCE8A3EB5FFA7D02 /* RunnerTests.swift in Sources */,
			);
			runOnlyForDeploymentPostprocessing = 0;
		};
		BCA98C59319A9B4F8A8E8329 /* Sources */ = {
			isa = PBXSourcesBuildPhase;
			buildActionMask = 2147483647;
			files = (
				2D490BCE8C0BA250290AAC3B /* CameraSessionActivityAttributes.swift in Sources */,
				904B943B16FECFC1CC4C38DD /* CameraSessionActivityWidget.swift in Sources */,
			);
			runOnlyForDeploymentPostprocessing = 0;
		};
		D735B3CFE9B0688D9736E917 /* Sources */ = {
			isa = PBXSourcesBuildPhase;
			buildActionMask = 2147483647;
			files = (
				D73790471C7408BB145A1C23 /* CamTransferPaywallViewController.swift in Sources */,
				CA0000010000000000000001 /* CameraCompatibility.swift in Sources */,
				CE0000010000000000000001 /* CameraCompatibilityLab.swift in Sources */,
				22BB0301059A7B18AB687B87 /* CameraAdapter.swift in Sources */,
				93B1ECA3AC91631F6AA9B76C /* CameraAppFlowCoordinator.swift in Sources */,
				7720E634F58DDEDF3658A1D5 /* CameraAutoDownloadRule.swift in Sources */,
				C1ECD53CBEAF2C62F2A4E2B4 /* CameraCatalogAccessLease.swift in Sources */,
				C3DDD2AC95F3CEF1C6539E37 /* CameraCatalogQueryEngine.swift in Sources */,
				BFD60BA1A498A9A0299EBAE5 /* CameraCommandLane.swift in Sources */,
				F0F955880762DFB3B34F35B5 /* CameraConnectFlowCoordinator.swift in Sources */,
				FE20FBF0479597E3F7F5C6CD /* CameraConnectFlowRuntime.swift in Sources */,
				E7C009B76304D4BC3C997DF9 /* CameraConnectionFlowGuards.swift in Sources */,
				C662F5C07D245D087BF260BB /* CameraConnectionStateMachine.swift in Sources */,
				01563AF1C08713172483FE8A /* CameraConnectionSteps.swift in Sources */,
				AAD5C220703D8BC74702480B /* CameraCoreModels.swift in Sources */,
				2982E8EDFAE95050894A8935 /* CameraDownloadModule.swift in Sources */,
				AD2D6F269138CE28FE28BD10 /* CameraFilterEngine.swift in Sources */,
				5E925099929AB898E5D9F6C9 /* CameraGalleryCatalogModels.swift in Sources */,
				454196A61238DD1B900B23A2 /* CameraGalleryCatalogRuntime.swift in Sources */,
				082DDC9F626D556DD44A5273 /* CameraGalleryConnectionCoordinator.swift in Sources */,
				9B5DAC9FE8A1FA52D06922A9 /* CameraGalleryEntryCoordinator.swift in Sources */,
				B0F66DD55877D9584C56E232 /* CameraGalleryFilterStateStore.swift in Sources */,
				E3AE111E6509FA626EAA7115 /* CameraGalleryHDPreviewPipeline.swift in Sources */,
				5C3D443B5464B2CF50FF7591 /* CameraGalleryMediaIdentity.swift in Sources */,
				4729DBB685779356DA98DAC7 /* CameraGalleryModule.swift in Sources */,
				AB7DE2ACA047B66705B5BBEF /* CameraGalleryRepository.swift in Sources */,
				3DDF6D34A71DE9B7DADF4107 /* CameraGalleryRepositoryAdapters.swift in Sources */,
				8A5C7DF56BBCE910249EFEBC /* CameraGalleryResumeStore.swift in Sources */,
				0D2EFB6B3EB5E1AA3B5EA483 /* CameraGallerySession.swift in Sources */,
				515377A16FCCBF0B8FE38613 /* CameraGallerySources.swift in Sources */,
				B0A90DEEEEF3144B63E6E3D2 /* CameraGalleryThumbnailPipeline.swift in Sources */,
				D35F0F6D963AC90A786B537D /* CameraMediaFilterRule.swift in Sources */,
				677D3E52FDC11F46B9328978 /* CameraPairingConfirmationFlowDriver.swift in Sources */,
				B903C941DD4D21BEF9D7D864 /* CameraPairingModule.swift in Sources */,
				7EE5E8C1B87C300993C9BF33 /* CameraPhotoLibraryProvider.swift in Sources */,
				B4BB601B9F87A73C4A8256A1 /* CameraRegistrationGuard.swift in Sources */,
				0ECB6E0DC3B6EB8FAD7D8125 /* CameraRememberedConnectionFlowDriver.swift in Sources */,
				FA556DCB3B834F4BB68B8612 /* CameraSessionActivityAttributes.swift in Sources */,
				2062800DBD92F6BB0D5B358D /* CameraSessionBackgroundSupervisor.swift in Sources */,
				9A73FC96160322D3014179ED /* CameraSessionConnectionWorker.swift in Sources */,
				10318AC1513B94E232296B17 /* CameraSessionLiveActivityController.swift in Sources */,
				07C5C84FDD2F7E5AC97B19D2 /* CameraSessionRecoveryStore.swift in Sources */,
				B5775926B98401F0801726DF /* CameraSessionRuntime.swift in Sources */,
				2EEF506BA3A1C2C641F82128 /* CameraSessionTransferExecutor.swift in Sources */,
				6EDC471942907B568396F5B9 /* CameraTransferFlowDriver.swift in Sources */,
				E4E06DB46EF0678B4A9DDCB1 /* CameraTransportFailureDisposition.swift in Sources */,
				27F7557CB539CADB953B92AB /* CameraVendorBluetoothService.swift in Sources */,
				4C38BD78952BB518062F2473 /* CameraVendorCatalogPolicy.swift in Sources */,
				31EEB39326ED50A31610C4B6 /* CameraVendorConnectFlowBridge.swift in Sources */,
				5C9981C278C8048E2FE4A6D7 /* CameraVendorDiagnostics.swift in Sources */,
				CD0000010000000000000001 /* CameraDiagnosticPipeline.swift in Sources */,
				7EB63F03FE4D431F3C0EAABD /* CameraVendorGalleryMainlineSessionLoader.swift in Sources */,
				C3C4D0320E3F152750BBCC45 /* CameraVendorOriginalTransferWorker.swift in Sources */,
				4DA93E83A9CFFA737F53A186 /* CameraVendorPairingProbe.swift in Sources */,
				356561F28C44168A77FD3470 /* CameraVendorPairingStore.swift in Sources */,
				7CDA7792842696F6FB5C1908 /* CameraVendorPtpProtocol.swift in Sources */,
				54A53199C2079DDFE3C0FF6A /* CameraVendorPtpSession.swift in Sources */,
				4E051428DB1C8876066C6F0F /* CameraVendorPtpSocket.swift in Sources */,
				59EE0CCD4E7ED3FCF6F899E3 /* CameraVendorRealtimeGalleryService.swift in Sources */,
				3A87F09F4D6DF32C3E36B713 /* CameraVendorSecureHandshake.swift in Sources */,
				2964C91E97E1085E094892C3 /* CameraVendorTransferModeCoordinator.swift in Sources */,
				00DC40F2233F2C34DD993463 /* CameraVendorTransferPolicy.swift in Sources */,
				D133097E78568D4B14106C62 /* CameraVendorWifiPolicy.swift in Sources */,
				65E6F39481CB19CDEEF3CAA2 /* FujifilmCameraAdapter.swift in Sources */,
				CA2000010000000000000001 /* FujifilmCompatibility.swift in Sources */,
				CA1000010000000000000001 /* FujifilmProtocolEngine.swift in Sources */,
				E7BE625B6F1C444945049488 /* FujifilmXSeriesProfile.swift in Sources */,
				41A84F673A15B58C0680151D /* LocalProofingSession.swift in Sources */,
				CBA17A04287790D7CEDA414F /* NativeAutoDownloadSettingsViewController.swift in Sources */,
				0D2FDF3FF21F2F7B30A519B2 /* NativeConnectViewController.swift in Sources */,
				9463C95FF88E9ECBE16CD042 /* NativeGalleryHDFullScreenViewController.swift in Sources */,
				4DBBE5464F0FF09ED93C7289 /* NativeGalleryHDPreviewCell.swift in Sources */,
				DCEA2CF1EC6E2D4FF098B299 /* NativeGalleryHDPreviewSession.swift in Sources */,
				687BF03C10F037256B7746B0 /* NativeGalleryHDTargetDecoder.swift in Sources */,
				E9B85CA50C617FE4AEAC6FA6 /* NativeGalleryPolicies.swift in Sources */,
				56F823F6C4D3FD626CD5CFFF /* NativeGalleryViewController.swift in Sources */,
				7CFEAF3D43529A8B57A8CEFE /* NativePhotoPreviewViewController.swift in Sources */,
				158F246B78E9189F99ADB88E /* NativeScanViewController.swift in Sources */,
				A5E8E3BBD16B08C09ED18943 /* ProAccessController.swift in Sources */,
				C3E722C4955DB59B3D21F257 /* QuickDownloadUseCase.swift in Sources */,
				26168D6E335307C680D37A7C /* RunnerApp.swift in Sources */,
				C005391B19856E8E51D6BEBA /* WiredCameraImportModels.swift in Sources */,
				85B5B6854C8EE2B26A17285A /* WiredCameraImportService.swift in Sources */,
				A3EFB62D951429A026DA058D /* WiredCameraImportViewController.swift in Sources */,
			);
			runOnlyForDeploymentPostprocessing = 0;
		};
/* End PBXSourcesBuildPhase section */

/* Begin PBXTargetDependency section */
		9B8A2EF09BD6995C243B9932 /* PBXTargetDependency */ = {
			isa = PBXTargetDependency;
			target = 1C5E1B219EEEA5967BCE690C /* CameraSessionActivityWidget */;
			targetProxy = DAA4A8F8E067737758DF6CD8 /* PBXContainerItemProxy */;
		};
		A1BDCC358D5033CC24618A73 /* PBXTargetDependency */ = {
			isa = PBXTargetDependency;
			target = 0CE8B55E2312A581679889BF /* Runner */;
			targetProxy = 979A20949DB7465AFE66261A /* PBXContainerItemProxy */;
		};
/* End PBXTargetDependency section */

/* Begin XCBuildConfiguration section */
		128D4961A4EEAA0944B16058 /* Debug */ = {
			isa = XCBuildConfiguration;
			buildSettings = {
				BUNDLE_LOADER = "$(TEST_HOST)";
				GENERATE_INFOPLIST_FILE = NO;
				INFOPLIST_FILE = RunnerTests/Info.plist;
				LD_RUNPATH_SEARCH_PATHS = (
					"$(inherited)",
					"@executable_path/Frameworks",
					"@loader_path/Frameworks",
				);
				PRODUCT_BUNDLE_IDENTIFIER = com.camtransfer.app.RunnerTests;
				SDKROOT = iphoneos;
				TARGETED_DEVICE_FAMILY = "1,2";
				TEST_HOST = "$(BUILT_PRODUCTS_DIR)/Runner.app/Runner";
			};
			name = Debug;
		};
		29805E1DF6B7920DC260EAF9 /* Debug */ = {
			isa = XCBuildConfiguration;
			buildSettings = {
				ASSETCATALOG_COMPILER_APPICON_NAME = AppIcon;
				CODE_SIGN_ENTITLEMENTS = Runner/Runner.entitlements;
				CODE_SIGN_IDENTITY = "iPhone Developer";
				CURRENT_PROJECT_VERSION = 6;
				GENERATE_INFOPLIST_FILE = NO;
				INFOPLIST_FILE = Runner/Info.plist;
				LD_RUNPATH_SEARCH_PATHS = (
					"$(inherited)",
					"@executable_path/Frameworks",
				);
				MARKETING_VERSION = 1.0;
				PRODUCT_NAME = Runner;
				SDKROOT = iphoneos;
				TARGETED_DEVICE_FAMILY = "1,2";
			};
			name = Debug;
		};
		41199C037274B93AA13A54DA /* Debug */ = {
			isa = XCBuildConfiguration;
			buildSettings = {
				APPLICATION_EXTENSION_API_ONLY = YES;
				CURRENT_PROJECT_VERSION = 6;
				GENERATE_INFOPLIST_FILE = NO;
				INFOPLIST_FILE = CameraSessionActivityWidget/Info.plist;
				IPHONEOS_DEPLOYMENT_TARGET = 16.1;
				LD_RUNPATH_SEARCH_PATHS = (
					"$(inherited)",
					"@executable_path/Frameworks",
					"@executable_path/../../Frameworks",
				);
				MARKETING_VERSION = 1.0;
				PRODUCT_BUNDLE_IDENTIFIER = com.camtransfer.app.CameraSessionActivityWidget;
				PRODUCT_NAME = CameraSessionActivityWidget;
				SDKROOT = iphoneos;
				TARGETED_DEVICE_FAMILY = "1,2";
			};
			name = Debug;
		};
		59902B3437269D7EDB4D0AFA /* Release */ = {
			isa = XCBuildConfiguration;
			buildSettings = {
				ALWAYS_SEARCH_USER_PATHS = NO;
				CLANG_ANALYZER_NONNULL = YES;
				CLANG_ANALYZER_NUMBER_OBJECT_CONVERSION = YES_AGGRESSIVE;
				CLANG_CXX_LANGUAGE_STANDARD = "gnu++14";
				CLANG_CXX_LIBRARY = "libc++";
				CLANG_ENABLE_MODULES = YES;
				CLANG_ENABLE_OBJC_ARC = YES;
				CLANG_ENABLE_OBJC_WEAK = YES;
				CLANG_WARN_BLOCK_CAPTURE_AUTORELEASING = YES;
				CLANG_WARN_BOOL_CONVERSION = YES;
				CLANG_WARN_COMMA = YES;
				CLANG_WARN_CONSTANT_CONVERSION = YES;
				CLANG_WARN_DEPRECATED_OBJC_IMPLEMENTATIONS = YES;
				CLANG_WARN_DIRECT_OBJC_ISA_USAGE = YES_ERROR;
				CLANG_WARN_DOCUMENTATION_COMMENTS = YES;
				CLANG_WARN_EMPTY_BODY = YES;
				CLANG_WARN_ENUM_CONVERSION = YES;
				CLANG_WARN_INFINITE_RECURSION = YES;
				CLANG_WARN_INT_CONVERSION = YES;
				CLANG_WARN_NON_LITERAL_NULL_CONVERSION = YES;
				CLANG_WARN_OBJC_IMPLICIT_RETAIN_SELF = YES;
				CLANG_WARN_OBJC_LITERAL_CONVERSION = YES;
				CLANG_WARN_OBJC_ROOT_CLASS = YES_ERROR;
				CLANG_WARN_QUOTED_INCLUDE_IN_FRAMEWORK_HEADER = YES;
				CLANG_WARN_RANGE_LOOP_ANALYSIS = YES;
				CLANG_WARN_STRICT_PROTOTYPES = YES;
				CLANG_WARN_SUSPICIOUS_MOVE = YES;
				CLANG_WARN_UNGUARDED_AVAILABILITY = YES_AGGRESSIVE;
				CLANG_WARN_UNREACHABLE_CODE = YES;
				CLANG_WARN__DUPLICATE_METHOD_MATCH = YES;
				CODE_SIGN_STYLE = Automatic;
				COPY_PHASE_STRIP = NO;
				DEBUG_INFORMATION_FORMAT = "dwarf-with-dsym";
				DEVELOPMENT_TEAM = 27C9C4H26H;
				ENABLE_NS_ASSERTIONS = NO;
				ENABLE_STRICT_OBJC_MSGSEND = YES;
				GCC_C_LANGUAGE_STANDARD = gnu11;
				GCC_NO_COMMON_BLOCKS = YES;
				GCC_WARN_64_TO_32_BIT_CONVERSION = YES;
				GCC_WARN_ABOUT_RETURN_TYPE = YES_ERROR;
				GCC_WARN_UNDECLARED_SELECTOR = YES;
				GCC_WARN_UNINITIALIZED_AUTOS = YES_AGGRESSIVE;
				GCC_WARN_UNUSED_FUNCTION = YES;
				GCC_WARN_UNUSED_VARIABLE = YES;
				IPHONEOS_DEPLOYMENT_TARGET = 15.0;
				MTL_ENABLE_DEBUG_INFO = NO;
				MTL_FAST_MATH = YES;
				PRODUCT_BUNDLE_IDENTIFIER = com.camtransfer.app;
				PRODUCT_NAME = "$(TARGET_NAME)";
				SDKROOT = iphoneos;
				SWIFT_COMPILATION_MODE = wholemodule;
				SWIFT_OPTIMIZATION_LEVEL = "-O";
				SWIFT_VERSION = 5.0;
				TARGETED_DEVICE_FAMILY = 1;
			};
			name = Release;
		};
		5D7A1B64955A53055FA7173A /* Release */ = {
			isa = XCBuildConfiguration;
			buildSettings = {
				BUNDLE_LOADER = "$(TEST_HOST)";
				GENERATE_INFOPLIST_FILE = NO;
				INFOPLIST_FILE = RunnerTests/Info.plist;
				LD_RUNPATH_SEARCH_PATHS = (
					"$(inherited)",
					"@executable_path/Frameworks",
					"@loader_path/Frameworks",
				);
				PRODUCT_BUNDLE_IDENTIFIER = com.camtransfer.app.RunnerTests;
				SDKROOT = iphoneos;
				TARGETED_DEVICE_FAMILY = "1,2";
				TEST_HOST = "$(BUILT_PRODUCTS_DIR)/Runner.app/Runner";
			};
			name = Release;
		};
		7CF6CFF957D9345E14BFCBE0 /* Debug */ = {
			isa = XCBuildConfiguration;
			buildSettings = {
				ALWAYS_SEARCH_USER_PATHS = NO;
				CLANG_ANALYZER_NONNULL = YES;
				CLANG_ANALYZER_NUMBER_OBJECT_CONVERSION = YES_AGGRESSIVE;
				CLANG_CXX_LANGUAGE_STANDARD = "gnu++14";
				CLANG_CXX_LIBRARY = "libc++";
				CLANG_ENABLE_MODULES = YES;
				CLANG_ENABLE_OBJC_ARC = YES;
				CLANG_ENABLE_OBJC_WEAK = YES;
				CLANG_WARN_BLOCK_CAPTURE_AUTORELEASING = YES;
				CLANG_WARN_BOOL_CONVERSION = YES;
				CLANG_WARN_COMMA = YES;
				CLANG_WARN_CONSTANT_CONVERSION = YES;
				CLANG_WARN_DEPRECATED_OBJC_IMPLEMENTATIONS = YES;
				CLANG_WARN_DIRECT_OBJC_ISA_USAGE = YES_ERROR;
				CLANG_WARN_DOCUMENTATION_COMMENTS = YES;
				CLANG_WARN_EMPTY_BODY = YES;
				CLANG_WARN_ENUM_CONVERSION = YES;
				CLANG_WARN_INFINITE_RECURSION = YES;
				CLANG_WARN_INT_CONVERSION = YES;
				CLANG_WARN_NON_LITERAL_NULL_CONVERSION = YES;
				CLANG_WARN_OBJC_IMPLICIT_RETAIN_SELF = YES;
				CLANG_WARN_OBJC_LITERAL_CONVERSION = YES;
				CLANG_WARN_OBJC_ROOT_CLASS = YES_ERROR;
				CLANG_WARN_QUOTED_INCLUDE_IN_FRAMEWORK_HEADER = YES;
				CLANG_WARN_RANGE_LOOP_ANALYSIS = YES;
				CLANG_WARN_STRICT_PROTOTYPES = YES;
				CLANG_WARN_SUSPICIOUS_MOVE = YES;
				CLANG_WARN_UNGUARDED_AVAILABILITY = YES_AGGRESSIVE;
				CLANG_WARN_UNREACHABLE_CODE = YES;
				CLANG_WARN__DUPLICATE_METHOD_MATCH = YES;
				CODE_SIGN_STYLE = Automatic;
				COPY_PHASE_STRIP = NO;
				DEBUG_INFORMATION_FORMAT = dwarf;
				DEVELOPMENT_TEAM = 27C9C4H26H;
				ENABLE_STRICT_OBJC_MSGSEND = YES;
				ENABLE_TESTABILITY = YES;
				GCC_C_LANGUAGE_STANDARD = gnu11;
				GCC_DYNAMIC_NO_PIC = NO;
				GCC_NO_COMMON_BLOCKS = YES;
				GCC_OPTIMIZATION_LEVEL = 0;
				GCC_PREPROCESSOR_DEFINITIONS = (
					"$(inherited)",
					"DEBUG=1",
				);
				GCC_WARN_64_TO_32_BIT_CONVERSION = YES;
				GCC_WARN_ABOUT_RETURN_TYPE = YES_ERROR;
				GCC_WARN_UNDECLARED_SELECTOR = YES;
				GCC_WARN_UNINITIALIZED_AUTOS = YES_AGGRESSIVE;
				GCC_WARN_UNUSED_FUNCTION = YES;
				GCC_WARN_UNUSED_VARIABLE = YES;
				IPHONEOS_DEPLOYMENT_TARGET = 15.0;
				MTL_ENABLE_DEBUG_INFO = INCLUDE_SOURCE;
				MTL_FAST_MATH = YES;
				ONLY_ACTIVE_ARCH = YES;
				PRODUCT_BUNDLE_IDENTIFIER = com.camtransfer.app;
				PRODUCT_NAME = "$(TARGET_NAME)";
				SDKROOT = iphoneos;
				SWIFT_ACTIVE_COMPILATION_CONDITIONS = DEBUG;
				SWIFT_OPTIMIZATION_LEVEL = "-Onone";
				SWIFT_VERSION = 5.0;
				TARGETED_DEVICE_FAMILY = 1;
			};
			name = Debug;
		};
		95DE0EAC5F6B3072B3402006 /* Release */ = {
			isa = XCBuildConfiguration;
			buildSettings = {
				APPLICATION_EXTENSION_API_ONLY = YES;
				CURRENT_PROJECT_VERSION = 6;
				GENERATE_INFOPLIST_FILE = NO;
				INFOPLIST_FILE = CameraSessionActivityWidget/Info.plist;
				IPHONEOS_DEPLOYMENT_TARGET = 16.1;
				LD_RUNPATH_SEARCH_PATHS = (
					"$(inherited)",
					"@executable_path/Frameworks",
					"@executable_path/../../Frameworks",
				);
				MARKETING_VERSION = 1.0;
				PRODUCT_BUNDLE_IDENTIFIER = com.camtransfer.app.CameraSessionActivityWidget;
				PRODUCT_NAME = CameraSessionActivityWidget;
				SDKROOT = iphoneos;
				TARGETED_DEVICE_FAMILY = "1,2";
			};
			name = Release;
		};
		A6D2F591E0A6A012D3F00F11 /* Release */ = {
			isa = XCBuildConfiguration;
			buildSettings = {
				ASSETCATALOG_COMPILER_APPICON_NAME = AppIcon;
				CODE_SIGN_ENTITLEMENTS = Runner/Runner.entitlements;
				CODE_SIGN_IDENTITY = "iPhone Developer";
				CURRENT_PROJECT_VERSION = 6;
				GENERATE_INFOPLIST_FILE = NO;
				INFOPLIST_FILE = Runner/Info.plist;
				LD_RUNPATH_SEARCH_PATHS = (
					"$(inherited)",
					"@executable_path/Frameworks",
				);
				MARKETING_VERSION = 1.0;
				PRODUCT_NAME = Runner;
				SDKROOT = iphoneos;
				TARGETED_DEVICE_FAMILY = "1,2";
			};
			name = Release;
		};
/* End XCBuildConfiguration section */

/* Begin XCConfigurationList section */
		1C8B6CAA696D8F432715C5A8 /* Build configuration list for PBXNativeTarget "Runner" */ = {
			isa = XCConfigurationList;
			buildConfigurations = (
				29805E1DF6B7920DC260EAF9 /* Debug */,
				A6D2F591E0A6A012D3F00F11 /* Release */,
			);
			defaultConfigurationIsVisible = 0;
			defaultConfigurationName = Debug;
		};
		987220A47DC5D93D17710971 /* Build configuration list for PBXProject "Runner" */ = {
			isa = XCConfigurationList;
			buildConfigurations = (
				7CF6CFF957D9345E14BFCBE0 /* Debug */,
				59902B3437269D7EDB4D0AFA /* Release */,
			);
			defaultConfigurationIsVisible = 0;
			defaultConfigurationName = Debug;
		};
		A46E46657B7354B670A5B453 /* Build configuration list for PBXNativeTarget "CameraSessionActivityWidget" */ = {
			isa = XCConfigurationList;
			buildConfigurations = (
				41199C037274B93AA13A54DA /* Debug */,
				95DE0EAC5F6B3072B3402006 /* Release */,
			);
			defaultConfigurationIsVisible = 0;
			defaultConfigurationName = Debug;
		};
		E4B487D78CD299B2286DE782 /* Build configuration list for PBXNativeTarget "RunnerTests" */ = {
			isa = XCConfigurationList;
			buildConfigurations = (
				128D4961A4EEAA0944B16058 /* Debug */,
				5D7A1B64955A53055FA7173A /* Release */,
			);
			defaultConfigurationIsVisible = 0;
			defaultConfigurationName = Debug;
		};
/* End XCConfigurationList section */
	};
	rootObject = 5FC4EA95F23E6A8CF0BD7276 /* Project object */;
}
